<?xml version="1.0" encoding="utf-8"?>
<Project ToolsVersion="4.0" xmlns="http://schemas.microsoft.com/developer/msbuild/2003">
  <ItemGroup>
    <Filter Include="Source Files">
      <UniqueIdentifier>{4FC737F1-C7A5-4376-A066-2A32D752A2FF}</UniqueIdentifier>
      <Extensions>cpp;c;cc;cxx;def;odl;idl;hpj;bat;asm;asmx</Extensions>
    </Filter>
    <Filter Include="Header Files">
      <UniqueIdentifier>{93995380-89BD-4b04-88EB-625FBE52EBFB}</UniqueIdentifier>
      <Extensions>h;hpp;hxx;hm;inl;inc;xsd</Extensions>
    </Filter>
    <Filter Include="Resource Files">
      <UniqueIdentifier>{67DA6AB6-F800-4c08-8B7A-83BB121AAD01}</UniqueIdentifier>
      <Extensions>rc;ico;cur;bmp;dlg;rc2;rct;bin;rgs;gif;jpg;jpeg;jpe;resx;tiff;tif;png;wav;mfcribbon-ms</Extensions>
    </Filter>
    <Filter Include="Source Files\cl_dll">
      <UniqueIdentifier>{01b8d565-8fa1-4999-8cb6-01da5dd1e555}</UniqueIdentifier>
    </Filter>
    <Filter Include="Source Files\common">
      <UniqueIdentifier>{6887a889-19a5-42f7-8af9-2af4b64cbf2b}</UniqueIdentifier>
    </Filter>
    <Filter Include="Source Files\pm_shared">
      <UniqueIdentifier>{7d8ce8c9-fed8-42ee-9ba0-73d0fee6006a}</UniqueIdentifier>
    </Filter>
    <Filter Include="Header Files\cl_dll">
      <UniqueIdentifier>{95dcdae3-b427-4517-a477-bfa2583b2e1f}</UniqueIdentifier>
    </Filter>
    <Filter Include="Header Files\common">
      <UniqueIdentifier>{54679c20-fece-4cb1-bef2-017d30f31af0}</UniqueIdentifier>
    </Filter>
    <Filter Include="Header Files\pm_shared">
      <UniqueIdentifier>{fb64b597-8c31-4391-b259-6121f67bbccb}</UniqueIdentifier>
    </Filter>
    <Filter Include="Source Files\public">
      <UniqueIdentifier>{c053705f-05f3-4d16-ab13-80bfa84cbe75}</UniqueIdentifier>
    </Filter>
    <Filter Include="Source Files\dlls/entities/weapons">
      <UniqueIdentifier>{6e5b1d43-c860-4a8b-a4b3-23c4f743b30b}</UniqueIdentifier>
    </Filter>
    <Filter Include="Header Files\dlls/entities/weapons">
      <UniqueIdentifier>{7b341be5-d7b2-41bc-8d0c-e19cb4e4741c}</UniqueIdentifier>
    </Filter>
    <Filter Include="Source Files\cl_dll\effects">
      <UniqueIdentifier>{dcef5fb5-e7ab-4660-90df-f85e761b7f3f}</UniqueIdentifier>
    </Filter>
    <Filter Include="Source Files\cl_dll\hud">
      <UniqueIdentifier>{1d959b2c-7b98-4c9d-81cc-83ca88b0aa4f}</UniqueIdentifier>
    </Filter>
    <Filter Include="Header Files\cl_dll\effects">
      <UniqueIdentifier>{93ab672a-4ac0-4112-94c6-76125590be79}</UniqueIdentifier>
    </Filter>
    <Filter Include="Header Files\cl_dll\effects\particles">
      <UniqueIdentifier>{b59991a2-ef61-40ca-b941-c9cf7867b8fe}</UniqueIdentifier>
    </Filter>
    <Filter Include="Source Files\cl_dll\effects\particles">
      <UniqueIdentifier>{cdd36252-a82a-4c6a-976a-813a948249ca}</UniqueIdentifier>
    </Filter>
    <Filter Include="Header Files\shared">
      <UniqueIdentifier>{4107e885-f07f-49ca-8527-59288b3d9a83}</UniqueIdentifier>
    </Filter>
    <Filter Include="Header Files\cl_dll\ui">
      <UniqueIdentifier>{c18632c1-7c1e-4781-87fa-2ffee448f0de}</UniqueIdentifier>
    </Filter>
    <Filter Include="Header Files\cl_dll\hud">
      <UniqueIdentifier>{1be37819-4e51-416c-96b9-b7db50ac05b7}</UniqueIdentifier>
    </Filter>
    <Filter Include="Source Files\cl_dll\vgui">
      <UniqueIdentifier>{74359b50-bee2-418c-ba9d-cae91945faa2}</UniqueIdentifier>
    </Filter>
    <Filter Include="Header Files\cl_dll\vgui">
      <UniqueIdentifier>{481a6dc9-19fc-4d6b-92fa-18f88231660b}</UniqueIdentifier>
    </Filter>
    <Filter Include="Header Files\cl_dll\voice">
      <UniqueIdentifier>{bf7ec49b-0d73-44ac-8c17-9f567ed1eb06}</UniqueIdentifier>
    </Filter>
    <Filter Include="Source Files\cl_dll\voice">
      <UniqueIdentifier>{dcb4fe31-703e-423f-807f-0c46074ee6fa}</UniqueIdentifier>
    </Filter>
    <Filter Include="Header Files\cl_dll\vgui\controls">
      <UniqueIdentifier>{7cb68b0c-a7d5-4ba3-84c1-a9841a4d0bd3}</UniqueIdentifier>
    </Filter>
    <Filter Include="Source Files\cl_dll\vgui\controls">
      <UniqueIdentifier>{cd7d45df-4bb5-4495-8a53-5d494ef08745}</UniqueIdentifier>
    </Filter>
    <Filter Include="Source Files\cl_dll\effects\aurora">
      <UniqueIdentifier>{ebdd5d7b-64a5-4a3c-a13d-c7add8e43f73}</UniqueIdentifier>
    </Filter>
    <Filter Include="Header Files\cl_dll\effects\aurora">
      <UniqueIdentifier>{08c2f861-ba4e-463e-aaf4-b66569784bb5}</UniqueIdentifier>
    </Filter>
    <Filter Include="Source Files\cl_dll\hl">
      <UniqueIdentifier>{f1ef5625-373a-4a20-9b5e-58dec08c5d7a}</UniqueIdentifier>
    </Filter>
    <Filter Include="Source Files\cl_dll\api">
      <UniqueIdentifier>{ffe44820-26f1-4d8b-a6c7-a5396824e170}</UniqueIdentifier>
    </Filter>
    <Filter Include="Header Files\cl_dll\api">
      <UniqueIdentifier>{df153ac0-6bb9-4ef2-b12b-ae25693cede5}</UniqueIdentifier>
    </Filter>
    <Filter Include="Source Files\cl_dll\events">
      <UniqueIdentifier>{91a7b228-c053-4330-b2f1-9d63d84ef2d3}</UniqueIdentifier>
    </Filter>
    <Filter Include="Header Files\cl_dll\events">
      <UniqueIdentifier>{565c4ff7-2864-4045-b697-4f91cb44688f}</UniqueIdentifier>
    </Filter>
  </ItemGroup>
  <ItemGroup>
    <ClCompile Include="..\..\cl_dll\com_weapons.cpp">
      <Filter>Source Files\cl_dll</Filter>
    </ClCompile>
    <ClCompile Include="..\..\common\parsemsg.cpp">
      <Filter>Source Files\common</Filter>
    </ClCompile>
    <ClCompile Include="..\..\cl_dll\util.cpp">
      <Filter>Source Files\cl_dll</Filter>
    </ClCompile>
    <ClCompile Include="..\..\public\interface.cpp">
      <Filter>Source Files\public</Filter>
    </ClCompile>
    <ClCompile Include="..\..\pm_shared\pm_debug.cpp">
      <Filter>Source Files\pm_shared</Filter>
    </ClCompile>
    <ClCompile Include="..\..\pm_shared\pm_shared.cpp">
      <Filter>Source Files\pm_shared</Filter>
    </ClCompile>
    <ClCompile Include="..\..\dlls\entities\weapons\CCrossbow.cpp">
      <Filter>Source Files\dlls/entities/weapons</Filter>
    </ClCompile>
    <ClCompile Include="..\..\dlls\entities\weapons\CCrowbar.cpp">
      <Filter>Source Files\dlls/entities/weapons</Filter>
    </ClCompile>
    <ClCompile Include="..\..\dlls\entities\weapons\CEgon.cpp">
      <Filter>Source Files\dlls/entities/weapons</Filter>
    </ClCompile>
    <ClCompile Include="..\..\dlls\entities\weapons\CGauss.cpp">
      <Filter>Source Files\dlls/entities/weapons</Filter>
    </ClCompile>
    <ClCompile Include="..\..\dlls\entities\weapons\CGlock.cpp">
      <Filter>Source Files\dlls/entities/weapons</Filter>
    </ClCompile>
    <ClCompile Include="..\..\dlls\entities\weapons\CHandGrenade.cpp">
      <Filter>Source Files\dlls/entities/weapons</Filter>
    </ClCompile>
    <ClCompile Include="..\..\dlls\entities\weapons\CHgun.cpp">
      <Filter>Source Files\dlls/entities/weapons</Filter>
    </ClCompile>
    <ClCompile Include="..\..\dlls\entities\weapons\CMP5.cpp">
      <Filter>Source Files\dlls/entities/weapons</Filter>
    </ClCompile>
    <ClCompile Include="..\..\dlls\entities\weapons\CPython.cpp">
      <Filter>Source Files\dlls/entities/weapons</Filter>
    </ClCompile>
    <ClCompile Include="..\..\dlls\entities\weapons\CRpg.cpp">
      <Filter>Source Files\dlls/entities/weapons</Filter>
    </ClCompile>
    <ClCompile Include="..\..\dlls\entities\weapons\CSatchel.cpp">
      <Filter>Source Files\dlls/entities/weapons</Filter>
    </ClCompile>
    <ClCompile Include="..\..\dlls\entities\weapons\CShotgun.cpp">
      <Filter>Source Files\dlls/entities/weapons</Filter>
    </ClCompile>
    <ClCompile Include="..\..\dlls\entities\weapons\CSqueak.cpp">
      <Filter>Source Files\dlls/entities/weapons</Filter>
    </ClCompile>
    <ClCompile Include="..\..\dlls\entities\weapons\CTripmine.cpp">
      <Filter>Source Files\dlls/entities/weapons</Filter>
    </ClCompile>
    <ClCompile Include="..\..\dlls\entities\weapons\CSatchelCharge.cpp">
      <Filter>Source Files\dlls/entities/weapons</Filter>
    </ClCompile>
    <ClCompile Include="..\..\cl_dll\effects\CWeather.cpp">
      <Filter>Source Files\cl_dll\effects</Filter>
    </ClCompile>
    <ClCompile Include="..\..\cl_dll\effects\particles\CRaindrop.cpp">
      <Filter>Source Files\cl_dll\effects\particles</Filter>
    </ClCompile>
    <ClCompile Include="..\..\cl_dll\effects\particles\CSnowflake.cpp">
      <Filter>Source Files\cl_dll\effects\particles</Filter>
    </ClCompile>
    <ClCompile Include="..\..\cl_dll\effects\particles\CRainSpray.cpp">
      <Filter>Source Files\cl_dll\effects\particles</Filter>
    </ClCompile>
    <ClCompile Include="..\..\cl_dll\hud\CHud.cpp">
      <Filter>Source Files\cl_dll\hud</Filter>
    </ClCompile>
    <ClCompile Include="..\..\cl_dll\hud\CHudAmmo.cpp">
      <Filter>Source Files\cl_dll\hud</Filter>
    </ClCompile>
    <ClCompile Include="..\..\cl_dll\hud\CHudAmmoSecondary.cpp">
      <Filter>Source Files\cl_dll\hud</Filter>
    </ClCompile>
    <ClCompile Include="..\..\cl_dll\hud\CHudBattery.cpp">
      <Filter>Source Files\cl_dll\hud</Filter>
    </ClCompile>
    <ClCompile Include="..\..\cl_dll\hud\CHudDeathNotice.cpp">
      <Filter>Source Files\cl_dll\hud</Filter>
    </ClCompile>
    <ClCompile Include="..\..\cl_dll\hud\CHudFlashlight.cpp">
      <Filter>Source Files\cl_dll\hud</Filter>
    </ClCompile>
    <ClCompile Include="..\..\cl_dll\hud\CHudGeiger.cpp">
      <Filter>Source Files\cl_dll\hud</Filter>
    </ClCompile>
    <ClCompile Include="..\..\cl_dll\hud\CHudMenu.cpp">
      <Filter>Source Files\cl_dll\hud</Filter>
    </ClCompile>
    <ClCompile Include="..\..\cl_dll\hud\CHudMessage.cpp">
      <Filter>Source Files\cl_dll\hud</Filter>
    </ClCompile>
    <ClCompile Include="..\..\cl_dll\hud\CHudParticle.cpp">
      <Filter>Source Files\cl_dll\hud</Filter>
    </ClCompile>
    <ClCompile Include="..\..\cl_dll\hud\CHudSayText.cpp">
      <Filter>Source Files\cl_dll\hud</Filter>
    </ClCompile>
    <ClCompile Include="..\..\cl_dll\hud\CHudStatusBar.cpp">
      <Filter>Source Files\cl_dll\hud</Filter>
    </ClCompile>
    <ClCompile Include="..\..\cl_dll\hud\CHudStatusIcons.cpp">
      <Filter>Source Files\cl_dll\hud</Filter>
    </ClCompile>
    <ClCompile Include="..\..\cl_dll\hud\CHudTextMessage.cpp">
      <Filter>Source Files\cl_dll\hud</Filter>
    </ClCompile>
    <ClCompile Include="..\..\cl_dll\hud\CHudTrain.cpp">
      <Filter>Source Files\cl_dll\hud</Filter>
    </ClCompile>
    <ClCompile Include="..\..\cl_dll\hud\HistoryResource.cpp">
      <Filter>Source Files\cl_dll\hud</Filter>
    </ClCompile>
    <ClCompile Include="..\..\cl_dll\hud\WeaponsResource.cpp">
      <Filter>Source Files\cl_dll\hud</Filter>
    </ClCompile>
    <ClCompile Include="..\..\cl_dll\vgui\vgui_int.cpp">
      <Filter>Source Files\cl_dll\vgui</Filter>
    </ClCompile>
    <ClCompile Include="..\..\cl_dll\voice\CVoiceStatus.cpp">
      <Filter>Source Files\cl_dll\voice</Filter>
    </ClCompile>
    <ClCompile Include="..\..\cl_dll\hud\CHudSpectator.cpp">
      <Filter>Source Files\cl_dll\hud</Filter>
    </ClCompile>
    <ClCompile Include="..\..\cl_dll\hud\CHudHealth.cpp">
      <Filter>Source Files\cl_dll\hud</Filter>
    </ClCompile>
    <ClCompile Include="..\..\cl_dll\voice\CVoiceBanMgr.cpp">
      <Filter>Source Files\cl_dll\voice</Filter>
    </ClCompile>
    <ClCompile Include="..\..\cl_dll\vgui\controls\vgui_checkbutton2.cpp">
      <Filter>Source Files\cl_dll\vgui\controls</Filter>
    </ClCompile>
    <ClCompile Include="..\..\cl_dll\vgui\controls\vgui_grid.cpp">
      <Filter>Source Files\cl_dll\vgui\controls</Filter>
    </ClCompile>
    <ClCompile Include="..\..\cl_dll\vgui\controls\vgui_helpers.cpp">
      <Filter>Source Files\cl_dll\vgui\controls</Filter>
    </ClCompile>
    <ClCompile Include="..\..\cl_dll\vgui\controls\vgui_listbox.cpp">
      <Filter>Source Files\cl_dll\vgui\controls</Filter>
    </ClCompile>
    <ClCompile Include="..\..\cl_dll\vgui\controls\vgui_loadtga.cpp">
      <Filter>Source Files\cl_dll\vgui\controls</Filter>
    </ClCompile>
    <ClCompile Include="..\..\cl_dll\vgui\controls\vgui_scrollbar2.cpp">
      <Filter>Source Files\cl_dll\vgui\controls</Filter>
    </ClCompile>
    <ClCompile Include="..\..\cl_dll\vgui\controls\vgui_slider2.cpp">
      <Filter>Source Files\cl_dll\vgui\controls</Filter>
    </ClCompile>
    <ClCompile Include="..\..\cl_dll\effects\aurora\ParticleSystemManager.cpp">
      <Filter>Source Files\cl_dll\effects\aurora</Filter>
    </ClCompile>
    <ClCompile Include="..\..\cl_dll\effects\aurora\RandomRange.cpp">
      <Filter>Source Files\cl_dll\effects\aurora</Filter>
    </ClCompile>
    <ClCompile Include="..\..\cl_dll\effects\aurora\ParticleType.cpp">
      <Filter>Source Files\cl_dll\effects\aurora</Filter>
    </ClCompile>
    <ClCompile Include="..\..\cl_dll\effects\aurora\ParticleSystem.cpp">
      <Filter>Source Files\cl_dll\effects\aurora</Filter>
    </ClCompile>
    <ClCompile Include="..\..\cl_dll\hl\hl_weapons.cpp">
      <Filter>Source Files\cl_dll\hl</Filter>
    </ClCompile>
    <ClCompile Include="..\..\cl_dll\hl\hl_objects.cpp">
      <Filter>Source Files\cl_dll\hl</Filter>
    </ClCompile>
    <ClCompile Include="..\..\cl_dll\hl\hl_stubs.cpp">
      <Filter>Source Files\cl_dll\hl</Filter>
    </ClCompile>
    <ClCompile Include="..\..\cl_dll\effects\CMP3.cpp">
      <Filter>Source Files\cl_dll\effects</Filter>
    </ClCompile>
    <ClCompile Include="..\..\cl_dll\api\demo.cpp">
      <Filter>Source Files\cl_dll\api</Filter>
    </ClCompile>
    <ClCompile Include="..\..\cl_dll\api\entity.cpp">
      <Filter>Source Files\cl_dll\api</Filter>
    </ClCompile>
    <ClCompile Include="..\..\cl_dll\api\in_camera.cpp">
      <Filter>Source Files\cl_dll\api</Filter>
    </ClCompile>
    <ClCompile Include="..\..\cl_dll\api\GameStudioModelRenderer.cpp">
      <Filter>Source Files\cl_dll\api</Filter>
    </ClCompile>
    <ClCompile Include="..\..\cl_dll\api\input.cpp">
      <Filter>Source Files\cl_dll\api</Filter>
    </ClCompile>
    <ClCompile Include="..\..\cl_dll\api\inputw32.cpp">
      <Filter>Source Files\cl_dll\api</Filter>
    </ClCompile>
    <ClCompile Include="..\..\cl_dll\api\tri.cpp">
      <Filter>Source Files\cl_dll\api</Filter>
    </ClCompile>
    <ClCompile Include="..\..\cl_dll\api\view.cpp">
      <Filter>Source Files\cl_dll\api</Filter>
    </ClCompile>
    <ClCompile Include="..\..\cl_dll\api\cdll_int.cpp">
      <Filter>Source Files\cl_dll\api</Filter>
    </ClCompile>
    <ClCompile Include="..\..\cl_dll\effects\StudioModelRenderer.cpp">
      <Filter>Source Files\cl_dll\effects</Filter>
    </ClCompile>
    <ClCompile Include="..\..\cl_dll\events\ev_common.cpp">
      <Filter>Source Files\cl_dll\events</Filter>
    </ClCompile>
    <ClCompile Include="..\..\cl_dll\events\ev_crossbow.cpp">
      <Filter>Source Files\cl_dll\events</Filter>
    </ClCompile>
    <ClCompile Include="..\..\cl_dll\events\ev_egon.cpp">
      <Filter>Source Files\cl_dll\events</Filter>
    </ClCompile>
    <ClCompile Include="..\..\cl_dll\events\ev_gauss.cpp">
      <Filter>Source Files\cl_dll\events</Filter>
    </ClCompile>
    <ClCompile Include="..\..\cl_dll\events\ev_glock.cpp">
      <Filter>Source Files\cl_dll\events</Filter>
    </ClCompile>
    <ClCompile Include="..\..\cl_dll\events\ev_hornet.cpp">
      <Filter>Source Files\cl_dll\events</Filter>
    </ClCompile>
    <ClCompile Include="..\..\cl_dll\events\ev_mp5.cpp">
      <Filter>Source Files\cl_dll\events</Filter>
    </ClCompile>
    <ClCompile Include="..\..\cl_dll\events\ev_python.cpp">
      <Filter>Source Files\cl_dll\events</Filter>
    </ClCompile>
    <ClCompile Include="..\..\cl_dll\events\ev_rpg.cpp">
      <Filter>Source Files\cl_dll\events</Filter>
    </ClCompile>
    <ClCompile Include="..\..\cl_dll\events\ev_shotgun.cpp">
      <Filter>Source Files\cl_dll\events</Filter>
    </ClCompile>
    <ClCompile Include="..\..\cl_dll\events\ev_snark.cpp">
      <Filter>Source Files\cl_dll\events</Filter>
    </ClCompile>
    <ClCompile Include="..\..\cl_dll\events\ev_tripmine.cpp">
      <Filter>Source Files\cl_dll\events</Filter>
    </ClCompile>
    <ClCompile Include="..\..\cl_dll\events\ev_train.cpp">
      <Filter>Source Files\cl_dll\events</Filter>
    </ClCompile>
    <ClCompile Include="..\..\cl_dll\events\ev_hook.cpp">
      <Filter>Source Files\cl_dll\events</Filter>
    </ClCompile>
    <ClCompile Include="..\..\cl_dll\vgui\CCommandMenu.cpp">
      <Filter>Source Files\cl_dll\vgui</Filter>
    </ClCompile>
    <ClCompile Include="..\..\cl_dll\vgui\CHandler_MenuButtonOver.cpp">
      <Filter>Source Files\cl_dll\vgui</Filter>
    </ClCompile>
    <ClCompile Include="..\..\cl_dll\vgui\CImageLabel.cpp">
      <Filter>Source Files\cl_dll\vgui</Filter>
    </ClCompile>
    <ClCompile Include="..\..\cl_dll\vgui\CMenuPanel.cpp">
      <Filter>Source Files\cl_dll\vgui</Filter>
    </ClCompile>
    <ClCompile Include="..\..\cl_dll\vgui\ColorButton.cpp">
      <Filter>Source Files\cl_dll\vgui</Filter>
    </ClCompile>
    <ClCompile Include="..\..\cl_dll\vgui\CommandButton.cpp">
      <Filter>Source Files\cl_dll\vgui</Filter>
    </ClCompile>
    <ClCompile Include="..\..\cl_dll\vgui\CTeamMenuPanel.cpp">
      <Filter>Source Files\cl_dll\vgui</Filter>
    </ClCompile>
    <ClCompile Include="..\..\cl_dll\vgui\CTFScrollButton.cpp">
      <Filter>Source Files\cl_dll\vgui</Filter>
    </ClCompile>
    <ClCompile Include="..\..\cl_dll\vgui\CTFScrollPanel.cpp">
      <Filter>Source Files\cl_dll\vgui</Filter>
    </ClCompile>
    <ClCompile Include="..\..\cl_dll\vgui\CTFSlider.cpp">
      <Filter>Source Files\cl_dll\vgui</Filter>
    </ClCompile>
    <ClCompile Include="..\..\cl_dll\vgui\CTransparentPanel.cpp">
      <Filter>Source Files\cl_dll\vgui</Filter>
    </ClCompile>
    <ClCompile Include="..\..\cl_dll\vgui\SpectToggleButton.cpp">
      <Filter>Source Files\cl_dll\vgui</Filter>
    </ClCompile>
    <ClCompile Include="..\..\cl_dll\vgui\TeamFortressViewport.cpp">
      <Filter>Source Files\cl_dll\vgui</Filter>
    </ClCompile>
    <ClCompile Include="..\..\cl_dll\vgui\ToggleCommandButton.cpp">
      <Filter>Source Files\cl_dll\vgui</Filter>
    </ClCompile>
    <ClCompile Include="..\..\cl_dll\vgui\CSchemeManager.cpp">
      <Filter>Source Files\cl_dll\vgui</Filter>
    </ClCompile>
    <ClCompile Include="..\..\cl_dll\vgui\ScorePanel.cpp">
      <Filter>Source Files\cl_dll\vgui</Filter>
    </ClCompile>
    <ClCompile Include="..\..\cl_dll\vgui\SpectatorPanel.cpp">
      <Filter>Source Files\cl_dll\vgui</Filter>
    </ClCompile>
    <ClCompile Include="..\..\cl_dll\vgui\CMessageWindowPanel.cpp">
      <Filter>Source Files\cl_dll\vgui</Filter>
    </ClCompile>
    <ClCompile Include="..\..\cl_dll\vgui\vgui_common.cpp">
      <Filter>Source Files\cl_dll\vgui</Filter>
    </ClCompile>
    <ClCompile Include="..\..\cl_dll\CInterpolation.cpp">
      <Filter>Source Files\cl_dll</Filter>
    </ClCompile>
    <ClCompile Include="..\..\cl_dll\CGameStateManager.cpp">
      <Filter>Source Files\cl_dll</Filter>
    </ClCompile>
  </ItemGroup>
  <ItemGroup>
    <ClInclude Include="..\..\cl_dll\kbutton.h">
      <Filter>Header Files\cl_dll</Filter>
    </ClInclude>
    <ClInclude Include="..\..\cl_dll\cl_dll.h">
      <Filter>Header Files\cl_dll</Filter>
    </ClInclude>
    <ClInclude Include="..\..\cl_dll\cl_util.h">
      <Filter>Header Files\cl_dll</Filter>
    </ClInclude>
    <ClInclude Include="..\..\cl_dll\com_weapons.h">
      <Filter>Header Files\cl_dll</Filter>
    </ClInclude>
    <ClInclude Include="..\..\common\parsemsg.h">
      <Filter>Header Files\common</Filter>
    </ClInclude>
    <ClInclude Include="..\..\pm_shared\pm_shared.h">
      <Filter>Header Files\pm_shared</Filter>
    </ClInclude>
    <ClInclude Include="..\..\pm_shared\pm_debug.h">
      <Filter>Header Files\pm_shared</Filter>
    </ClInclude>
    <ClInclude Include="..\..\pm_shared\pm_defs.h">
      <Filter>Header Files\pm_shared</Filter>
    </ClInclude>
    <ClInclude Include="..\..\pm_shared\pm_info.h">
      <Filter>Header Files\pm_shared</Filter>
    </ClInclude>
    <ClInclude Include="..\..\pm_shared\pm_materials.h">
      <Filter>Header Files\pm_shared</Filter>
    </ClInclude>
    <ClInclude Include="..\..\pm_shared\pm_movevars.h">
      <Filter>Header Files\pm_shared</Filter>
    </ClInclude>
    <ClInclude Include="..\..\common\Platform.h">
      <Filter>Header Files\common</Filter>
    </ClInclude>
    <ClInclude Include="..\..\cl_dll\fmod.h">
      <Filter>Header Files\cl_dll</Filter>
    </ClInclude>
    <ClInclude Include="..\..\cl_dll\fmod_errors.h">
      <Filter>Header Files\cl_dll</Filter>
    </ClInclude>
    <ClInclude Include="..\..\cl_dll\glInclude.h">
      <Filter>Header Files\cl_dll</Filter>
    </ClInclude>
    <ClInclude Include="..\..\dlls\entities\weapons\CBasePlayerWeapon.h">
      <Filter>Header Files\dlls/entities/weapons</Filter>
    </ClInclude>
    <ClInclude Include="..\..\dlls\entities\weapons\CCrossbow.h">
      <Filter>Header Files\dlls/entities/weapons</Filter>
    </ClInclude>
    <ClInclude Include="..\..\dlls\entities\weapons\CCrowbar.h">
      <Filter>Header Files\dlls/entities/weapons</Filter>
    </ClInclude>
    <ClInclude Include="..\..\dlls\entities\weapons\CEgon.h">
      <Filter>Header Files\dlls/entities/weapons</Filter>
    </ClInclude>
    <ClInclude Include="..\..\dlls\entities\weapons\CGauss.h">
      <Filter>Header Files\dlls/entities/weapons</Filter>
    </ClInclude>
    <ClInclude Include="..\..\dlls\entities\weapons\CGlock.h">
      <Filter>Header Files\dlls/entities/weapons</Filter>
    </ClInclude>
    <ClInclude Include="..\..\dlls\entities\weapons\CGrenade.h">
      <Filter>Header Files\dlls/entities/weapons</Filter>
    </ClInclude>
    <ClInclude Include="..\..\dlls\entities\weapons\CHandGrenade.h">
      <Filter>Header Files\dlls/entities/weapons</Filter>
    </ClInclude>
    <ClInclude Include="..\..\dlls\entities\weapons\CHgun.h">
      <Filter>Header Files\dlls/entities/weapons</Filter>
    </ClInclude>
    <ClInclude Include="..\..\dlls\entities\weapons\CMP5.h">
      <Filter>Header Files\dlls/entities/weapons</Filter>
    </ClInclude>
    <ClInclude Include="..\..\dlls\entities\weapons\CPython.h">
      <Filter>Header Files\dlls/entities/weapons</Filter>
    </ClInclude>
    <ClInclude Include="..\..\dlls\entities\weapons\CRpg.h">
      <Filter>Header Files\dlls/entities/weapons</Filter>
    </ClInclude>
    <ClInclude Include="..\..\dlls\entities\weapons\CSatchel.h">
      <Filter>Header Files\dlls/entities/weapons</Filter>
    </ClInclude>
    <ClInclude Include="..\..\dlls\entities\weapons\CShotgun.h">
      <Filter>Header Files\dlls/entities/weapons</Filter>
    </ClInclude>
    <ClInclude Include="..\..\dlls\entities\weapons\CSqueak.h">
      <Filter>Header Files\dlls/entities/weapons</Filter>
    </ClInclude>
    <ClInclude Include="..\..\dlls\entities\weapons\CTripmine.h">
      <Filter>Header Files\dlls/entities/weapons</Filter>
    </ClInclude>
    <ClInclude Include="..\..\dlls\entities\weapons\CSatchelCharge.h">
      <Filter>Header Files\dlls/entities/weapons</Filter>
    </ClInclude>
    <ClInclude Include="..\..\cl_dll\effects\CWeather.h">
      <Filter>Header Files\cl_dll\effects</Filter>
    </ClInclude>
    <ClInclude Include="..\..\cl_dll\effects\particles\CRaindrop.h">
      <Filter>Header Files\cl_dll\effects\particles</Filter>
    </ClInclude>
    <ClInclude Include="..\..\cl_dll\effects\particles\CSnowflake.h">
      <Filter>Header Files\cl_dll\effects\particles</Filter>
    </ClInclude>
    <ClInclude Include="..\..\cl_dll\effects\particles\CRainSpray.h">
      <Filter>Header Files\cl_dll\effects\particles</Filter>
    </ClInclude>
    <ClInclude Include="..\..\shared\Vector.h">
      <Filter>Header Files\shared</Filter>
    </ClInclude>
    <ClInclude Include="..\..\shared\Vector2D.h">
      <Filter>Header Files\shared</Filter>
    </ClInclude>
    <ClInclude Include="..\..\shared\types.h">
      <Filter>Header Files\shared</Filter>
    </ClInclude>
    <ClInclude Include="..\..\cl_dll\ui\wrect.h">
      <Filter>Header Files\cl_dll\ui</Filter>
    </ClInclude>
    <ClInclude Include="..\..\cl_dll\ui\point.h">
      <Filter>Header Files\cl_dll\ui</Filter>
    </ClInclude>
    <ClInclude Include="..\..\cl_dll\ui\rgba.h">
      <Filter>Header Files\cl_dll\ui</Filter>
    </ClInclude>
    <ClInclude Include="..\..\cl_dll\hud\hud.h">
      <Filter>Header Files\cl_dll\hud</Filter>
    </ClInclude>
    <ClInclude Include="..\..\cl_dll\hud\CHud.h">
      <Filter>Header Files\cl_dll\hud</Filter>
    </ClInclude>
    <ClInclude Include="..\..\cl_dll\hud\CHudAmmo.h">
      <Filter>Header Files\cl_dll\hud</Filter>
    </ClInclude>
    <ClInclude Include="..\..\cl_dll\hud\CHudAmmoSecondary.h">
      <Filter>Header Files\cl_dll\hud</Filter>
    </ClInclude>
    <ClInclude Include="..\..\cl_dll\hud\CHudBase.h">
      <Filter>Header Files\cl_dll\hud</Filter>
    </ClInclude>
    <ClInclude Include="..\..\cl_dll\hud\CHudBattery.h">
      <Filter>Header Files\cl_dll\hud</Filter>
    </ClInclude>
    <ClInclude Include="..\..\cl_dll\hud\CHudDeathNotice.h">
      <Filter>Header Files\cl_dll\hud</Filter>
    </ClInclude>
    <ClInclude Include="..\..\cl_dll\hud\CHudFlashlight.h">
      <Filter>Header Files\cl_dll\hud</Filter>
    </ClInclude>
    <ClInclude Include="..\..\cl_dll\hud\CHudGeiger.h">
      <Filter>Header Files\cl_dll\hud</Filter>
    </ClInclude>
    <ClInclude Include="..\..\cl_dll\hud\CHudMenu.h">
      <Filter>Header Files\cl_dll\hud</Filter>
    </ClInclude>
    <ClInclude Include="..\..\cl_dll\hud\CHudMessage.h">
      <Filter>Header Files\cl_dll\hud</Filter>
    </ClInclude>
    <ClInclude Include="..\..\cl_dll\hud\CHudParticle.h">
      <Filter>Header Files\cl_dll\hud</Filter>
    </ClInclude>
    <ClInclude Include="..\..\cl_dll\hud\CHudSayText.h">
      <Filter>Header Files\cl_dll\hud</Filter>
    </ClInclude>
    <ClInclude Include="..\..\cl_dll\hud\CHudStatusBar.h">
      <Filter>Header Files\cl_dll\hud</Filter>
    </ClInclude>
    <ClInclude Include="..\..\cl_dll\hud\CHudStatusIcons.h">
      <Filter>Header Files\cl_dll\hud</Filter>
    </ClInclude>
    <ClInclude Include="..\..\cl_dll\hud\CHudTextMessage.h">
      <Filter>Header Files\cl_dll\hud</Filter>
    </ClInclude>
    <ClInclude Include="..\..\cl_dll\hud\CHudTrain.h">
      <Filter>Header Files\cl_dll\hud</Filter>
    </ClInclude>
    <ClInclude Include="..\..\cl_dll\hud\CHudHealth.h">
      <Filter>Header Files\cl_dll\hud</Filter>
    </ClInclude>
    <ClInclude Include="..\..\cl_dll\hud\CHudSpectator.h">
      <Filter>Header Files\cl_dll\hud</Filter>
    </ClInclude>
    <ClInclude Include="..\..\cl_dll\hud\WeaponsResource.h">
      <Filter>Header Files\cl_dll\hud</Filter>
    </ClInclude>
    <ClInclude Include="..\..\cl_dll\hud\HistoryResource.h">
      <Filter>Header Files\cl_dll\hud</Filter>
    </ClInclude>
    <ClInclude Include="..\..\cl_dll\vgui\vgui_int.h">
      <Filter>Header Files\cl_dll\vgui</Filter>
    </ClInclude>
    <ClInclude Include="..\..\cl_dll\voice\CVoiceStatus.h">
      <Filter>Header Files\cl_dll\voice</Filter>
    </ClInclude>
    <ClInclude Include="..\..\cl_dll\voice\CVoiceLabel.h">
      <Filter>Header Files\cl_dll\voice</Filter>
    </ClInclude>
    <ClInclude Include="..\..\cl_dll\voice\IVoiceStatusHelper.h">
      <Filter>Header Files\cl_dll\voice</Filter>
    </ClInclude>
    <ClInclude Include="..\..\cl_dll\voice\CHLVoiceStatusHelper.h">
      <Filter>Header Files\cl_dll\voice</Filter>
    </ClInclude>
    <ClInclude Include="..\..\cl_dll\voice\CVoiceBanMgr.h">
      <Filter>Header Files\cl_dll\voice</Filter>
    </ClInclude>
    <ClInclude Include="..\..\cl_dll\vgui\controls\vgui_defaultinputsignal.h">
      <Filter>Header Files\cl_dll\vgui\controls</Filter>
    </ClInclude>
    <ClInclude Include="..\..\cl_dll\vgui\controls\vgui_checkbutton2.h">
      <Filter>Header Files\cl_dll\vgui\controls</Filter>
    </ClInclude>
    <ClInclude Include="..\..\cl_dll\vgui\controls\vgui_grid.h">
      <Filter>Header Files\cl_dll\vgui\controls</Filter>
    </ClInclude>
    <ClInclude Include="..\..\cl_dll\vgui\controls\vgui_helpers.h">
      <Filter>Header Files\cl_dll\vgui\controls</Filter>
    </ClInclude>
    <ClInclude Include="..\..\cl_dll\vgui\controls\vgui_listbox.h">
      <Filter>Header Files\cl_dll\vgui\controls</Filter>
    </ClInclude>
    <ClInclude Include="..\..\cl_dll\vgui\controls\vgui_loadtga.h">
      <Filter>Header Files\cl_dll\vgui\controls</Filter>
    </ClInclude>
    <ClInclude Include="..\..\cl_dll\vgui\controls\vgui_scrollbar2.h">
      <Filter>Header Files\cl_dll\vgui\controls</Filter>
    </ClInclude>
    <ClInclude Include="..\..\cl_dll\vgui\controls\vgui_slider2.h">
      <Filter>Header Files\cl_dll\vgui\controls</Filter>
    </ClInclude>
    <ClInclude Include="..\..\cl_dll\effects\aurora\ParticleSystemManager.h">
      <Filter>Header Files\cl_dll\effects\aurora</Filter>
    </ClInclude>
    <ClInclude Include="..\..\cl_dll\effects\aurora\RandomRange.h">
      <Filter>Header Files\cl_dll\effects\aurora</Filter>
    </ClInclude>
    <ClInclude Include="..\..\cl_dll\effects\aurora\ParticleType.h">
      <Filter>Header Files\cl_dll\effects\aurora</Filter>
    </ClInclude>
    <ClInclude Include="..\..\cl_dll\effects\aurora\particle.h">
      <Filter>Header Files\cl_dll\effects\aurora</Filter>
    </ClInclude>
    <ClInclude Include="..\..\cl_dll\effects\aurora\ParticleSystem.h">
      <Filter>Header Files\cl_dll\effects\aurora</Filter>
    </ClInclude>
    <ClInclude Include="..\..\cl_dll\effects\CMP3.h">
      <Filter>Header Files\cl_dll\effects</Filter>
    </ClInclude>
    <ClInclude Include="..\..\cl_dll\api\GameStudioModelRenderer.h">
      <Filter>Header Files\cl_dll\api</Filter>
    </ClInclude>
    <ClInclude Include="..\..\cl_dll\api\view.h">
      <Filter>Header Files\cl_dll\api</Filter>
    </ClInclude>
    <ClInclude Include="..\..\cl_dll\effects\StudioModelRenderer.h">
      <Filter>Header Files\cl_dll\effects</Filter>
    </ClInclude>
    <ClInclude Include="..\..\cl_dll\api\demo.h">
      <Filter>Header Files\cl_dll\api</Filter>
    </ClInclude>
    <ClInclude Include="..\..\cl_dll\api\camera.h">
      <Filter>Header Files\cl_dll\api</Filter>
    </ClInclude>
    <ClInclude Include="..\..\cl_dll\events\ev_common.h">
      <Filter>Header Files\cl_dll\events</Filter>
    </ClInclude>
    <ClInclude Include="..\..\cl_dll\vgui\CCommandMenu.h">
      <Filter>Header Files\cl_dll\vgui</Filter>
    </ClInclude>
    <ClInclude Include="..\..\cl_dll\vgui\CHandler_ButtonHighlight.h">
      <Filter>Header Files\cl_dll\vgui</Filter>
    </ClInclude>
    <ClInclude Include="..\..\cl_dll\vgui\CHandler_CommandButtonHighlight.h">
      <Filter>Header Files\cl_dll\vgui</Filter>
    </ClInclude>
    <ClInclude Include="..\..\cl_dll\vgui\CHandler_MenuButtonOver.h">
      <Filter>Header Files\cl_dll\vgui</Filter>
    </ClInclude>
    <ClInclude Include="..\..\cl_dll\vgui\CImageButton.h">
      <Filter>Header Files\cl_dll\vgui</Filter>
    </ClInclude>
    <ClInclude Include="..\..\cl_dll\vgui\CImageLabel.h">
      <Filter>Header Files\cl_dll\vgui</Filter>
    </ClInclude>
    <ClInclude Include="..\..\cl_dll\vgui\CMenuHandler_LabelInput.h">
      <Filter>Header Files\cl_dll\vgui</Filter>
    </ClInclude>
    <ClInclude Include="..\..\cl_dll\vgui\CMenuHandler_PopupSubMenuInput.h">
      <Filter>Header Files\cl_dll\vgui</Filter>
    </ClInclude>
    <ClInclude Include="..\..\cl_dll\vgui\CMenuHandler_SpectateFollow.h">
      <Filter>Header Files\cl_dll\vgui</Filter>
    </ClInclude>
    <ClInclude Include="..\..\cl_dll\vgui\CMenuHandler_StringCommand.h">
      <Filter>Header Files\cl_dll\vgui</Filter>
    </ClInclude>
    <ClInclude Include="..\..\cl_dll\vgui\CMenuHandler_StringCommandWatch.h">
      <Filter>Header Files\cl_dll\vgui</Filter>
    </ClInclude>
    <ClInclude Include="..\..\cl_dll\vgui\CMenuHandler_TextWindow.h">
      <Filter>Header Files\cl_dll\vgui</Filter>
    </ClInclude>
    <ClInclude Include="..\..\cl_dll\vgui\CMenuHandler_ToggleCvar.h">
      <Filter>Header Files\cl_dll\vgui</Filter>
    </ClInclude>
    <ClInclude Include="..\..\cl_dll\vgui\CMenuPanel.h">
      <Filter>Header Files\cl_dll\vgui</Filter>
    </ClInclude>
    <ClInclude Include="..\..\cl_dll\vgui\ColorButton.h">
      <Filter>Header Files\cl_dll\vgui</Filter>
    </ClInclude>
    <ClInclude Include="..\..\cl_dll\vgui\CommandButton.h">
      <Filter>Header Files\cl_dll\vgui</Filter>
    </ClInclude>
    <ClInclude Include="..\..\cl_dll\vgui\CommandLabel.h">
      <Filter>Header Files\cl_dll\vgui</Filter>
    </ClInclude>
    <ClInclude Include="..\..\cl_dll\vgui\CTeamMenuPanel.h">
      <Filter>Header Files\cl_dll\vgui</Filter>
    </ClInclude>
    <ClInclude Include="..\..\cl_dll\vgui\CTFScrollButton.h">
      <Filter>Header Files\cl_dll\vgui</Filter>
    </ClInclude>
    <ClInclude Include="..\..\cl_dll\vgui\CTFScrollPanel.h">
      <Filter>Header Files\cl_dll\vgui</Filter>
    </ClInclude>
    <ClInclude Include="..\..\cl_dll\vgui\CTFSlider.h">
      <Filter>Header Files\cl_dll\vgui</Filter>
    </ClInclude>
    <ClInclude Include="..\..\cl_dll\vgui\CTransparentPanel.h">
      <Filter>Header Files\cl_dll\vgui</Filter>
    </ClInclude>
    <ClInclude Include="..\..\cl_dll\vgui\DropDownButton.h">
      <Filter>Header Files\cl_dll\vgui</Filter>
    </ClInclude>
    <ClInclude Include="..\..\cl_dll\vgui\MapButton.h">
      <Filter>Header Files\cl_dll\vgui</Filter>
    </ClInclude>
    <ClInclude Include="..\..\cl_dll\vgui\SpectateButton.h">
      <Filter>Header Files\cl_dll\vgui</Filter>
    </ClInclude>
    <ClInclude Include="..\..\cl_dll\vgui\SpectButton.h">
      <Filter>Header Files\cl_dll\vgui</Filter>
    </ClInclude>
    <ClInclude Include="..\..\cl_dll\vgui\SpectToggleButton.h">
      <Filter>Header Files\cl_dll\vgui</Filter>
    </ClInclude>
    <ClInclude Include="..\..\cl_dll\vgui\TeamButton.h">
      <Filter>Header Files\cl_dll\vgui</Filter>
    </ClInclude>
    <ClInclude Include="..\..\cl_dll\vgui\TeamFortressViewport.h">
      <Filter>Header Files\cl_dll\vgui</Filter>
    </ClInclude>
    <ClInclude Include="..\..\cl_dll\vgui\TeamOnlyCommandButton.h">
      <Filter>Header Files\cl_dll\vgui</Filter>
    </ClInclude>
    <ClInclude Include="..\..\cl_dll\vgui\ToggleCommandButton.h">
      <Filter>Header Files\cl_dll\vgui</Filter>
    </ClInclude>
    <ClInclude Include="..\..\cl_dll\vgui\vgui_common.h">
      <Filter>Header Files\cl_dll\vgui</Filter>
    </ClInclude>
    <ClInclude Include="..\..\cl_dll\vgui\CSchemeManager.h">
      <Filter>Header Files\cl_dll\vgui</Filter>
    </ClInclude>
    <ClInclude Include="..\..\cl_dll\vgui\CLabelHeader.h">
      <Filter>Header Files\cl_dll\vgui</Filter>
    </ClInclude>
    <ClInclude Include="..\..\cl_dll\vgui\CTextImage2.h">
      <Filter>Header Files\cl_dll\vgui</Filter>
    </ClInclude>
    <ClInclude Include="..\..\cl_dll\vgui\ScorePanel.h">
      <Filter>Header Files\cl_dll\vgui</Filter>
    </ClInclude>
    <ClInclude Include="..\..\cl_dll\vgui\CSpectatorHandler_Command.h">
      <Filter>Header Files\cl_dll\vgui</Filter>
    </ClInclude>
    <ClInclude Include="..\..\cl_dll\vgui\SpectatorPanel.h">
      <Filter>Header Files\cl_dll\vgui</Filter>
    </ClInclude>
    <ClInclude Include="..\..\cl_dll\vgui\CMessageWindowPanel.h">
      <Filter>Header Files\cl_dll\vgui</Filter>
    </ClInclude>
    <ClInclude Include="..\..\cl_dll\vgui\CViewPortInputHandler.h">
      <Filter>Header Files\cl_dll\vgui</Filter>
    </ClInclude>
    <ClInclude Include="..\..\shared\bitvec.h">
      <Filter>Header Files\shared</Filter>
    </ClInclude>
    <ClInclude Include="..\..\shared\voice_common.h">
      <Filter>Header Files\shared</Filter>
    </ClInclude>
    <ClInclude Include="..\..\shared\Vector4D.h">
      <Filter>Header Files\shared</Filter>
    </ClInclude>
    <ClInclude Include="..\..\shared\mathdefs.h">
      <Filter>Header Files\shared</Filter>
    </ClInclude>
    <ClInclude Include="..\..\shared\compat_mathlib.h">
      <Filter>Header Files\shared</Filter>
    </ClInclude>
    <ClInclude Include="..\..\shared\common_defs.h">
      <Filter>Header Files\shared</Filter>
    </ClInclude>
    <ClInclude Include="..\..\cl_dll\CInterpolation.h">
      <Filter>Header Files\cl_dll</Filter>
    </ClInclude>
    <ClInclude Include="..\..\cl_dll\CGameStateManager.h">
      <Filter>Header Files\cl_dll</Filter>
    </ClInclude>
  </ItemGroup>
  <ItemGroup>
    <Library Include="..\..\lib\public\game_controls.lib" />
  </ItemGroup>
</Project>