<?xml version="1.0" encoding="utf-8"?>
<Project ToolsVersion="4.0" xmlns="http://schemas.microsoft.com/developer/msbuild/2003">
  <ItemGroup>
    <Filter Include="Source Files">
      <UniqueIdentifier>{4FC737F1-C7A5-4376-A066-2A32D752A2FF}</UniqueIdentifier>
      <Extensions>cpp;c;cc;cxx;def;odl;idl;hpj;bat;asm;asmx</Extensions>
    </Filter>
    <Filter Include="Header Files">
      <UniqueIdentifier>{93995380-89BD-4b04-88EB-625FBE52EBFB}</UniqueIdentifier>
      <Extensions>h;hpp;hxx;hm;inl;inc;xsd</Extensions>
    </Filter>
    <Filter Include="Resource Files">
      <UniqueIdentifier>{67DA6AB6-F800-4c08-8B7A-83BB121AAD01}</UniqueIdentifier>
      <Extensions>rc;ico;cur;bmp;dlg;rc2;rct;bin;rgs;gif;jpg;jpeg;jpe;resx;tiff;tif;png;wav;mfcribbon-ms</Extensions>
    </Filter>
    <Filter Include="Source Files\dlls">
      <UniqueIdentifier>{a59f65b1-455f-459d-bc2a-75775255cd5c}</UniqueIdentifier>
    </Filter>
    <Filter Include="Source Files\pm_shared">
      <UniqueIdentifier>{7f184267-1d16-4bbc-9212-a804fcd04e6a}</UniqueIdentifier>
    </Filter>
    <Filter Include="Source Files\game_shared">
      <UniqueIdentifier>{9cd951c6-53c4-4c79-826f-13ac1af8a8b6}</UniqueIdentifier>
    </Filter>
    <Filter Include="Header Files\dlls">
      <UniqueIdentifier>{e3b69fef-bfa6-4270-8280-f2b25793ac4e}</UniqueIdentifier>
    </Filter>
    <Filter Include="Header Files\engine">
      <UniqueIdentifier>{b85e935a-5cc8-482d-b85f-6cdaa3452ccb}</UniqueIdentifier>
    </Filter>
    <Filter Include="Header Files\pm_shared">
      <UniqueIdentifier>{37941113-16fa-4ce0-9bdd-a72a1ced8902}</UniqueIdentifier>
    </Filter>
    <Filter Include="Header Files\common">
      <UniqueIdentifier>{d9b0bb75-7f25-443b-8899-6b1a9e1dd63c}</UniqueIdentifier>
    </Filter>
    <Filter Include="Source Files\dlls\entities">
      <UniqueIdentifier>{df91eb53-6fb3-4125-b1b9-b400ec887cf2}</UniqueIdentifier>
    </Filter>
    <Filter Include="Source Files\dlls\entities\base">
      <UniqueIdentifier>{a731fed6-2db9-4a77-a5a0-4db328639979}</UniqueIdentifier>
    </Filter>
    <Filter Include="Source Files\dlls\entities\brush">
      <UniqueIdentifier>{e166ba0c-2ef3-4091-95ea-cbb0bbb31b0f}</UniqueIdentifier>
    </Filter>
    <Filter Include="Source Files\dlls\entities\effects">
      <UniqueIdentifier>{739da06e-52a5-4e49-8c10-ecf4c728e41a}</UniqueIdentifier>
    </Filter>
    <Filter Include="Source Files\dlls\entities\items">
      <UniqueIdentifier>{51fdb069-d273-4e5c-94d8-754503ffe5a3}</UniqueIdentifier>
    </Filter>
    <Filter Include="Source Files\dlls\entities\triggers">
      <UniqueIdentifier>{5d46d0dc-b731-45b4-b3cf-9c9f7b78ef46}</UniqueIdentifier>
    </Filter>
    <Filter Include="Source Files\dlls\entities\point">
      <UniqueIdentifier>{9ffa142d-facb-4a5d-ad19-a6e3e58c4351}</UniqueIdentifier>
    </Filter>
    <Filter Include="Source Files\dlls\entities\npcs">
      <UniqueIdentifier>{e3f0ef56-3d9a-4058-888d-25c6bc161274}</UniqueIdentifier>
    </Filter>
    <Filter Include="Source Files\dlls\entities\weapons">
      <UniqueIdentifier>{c4f71ac0-bfd8-4dff-8f11-f1f97c659d58}</UniqueIdentifier>
    </Filter>
    <Filter Include="Header Files\dlls\entities">
      <UniqueIdentifier>{60516ed7-3df8-4593-8a59-ed849add725b}</UniqueIdentifier>
    </Filter>
    <Filter Include="Header Files\dlls\entities\brush">
      <UniqueIdentifier>{0c54f110-0e5b-4149-a8f4-21928a512a82}</UniqueIdentifier>
    </Filter>
    <Filter Include="Header Files\dlls\entities\effects">
      <UniqueIdentifier>{b4a3415f-678c-4016-a82d-42a0af87011b}</UniqueIdentifier>
    </Filter>
    <Filter Include="Header Files\dlls\entities\triggers">
      <UniqueIdentifier>{510b5f87-6f2b-4f99-b5dc-7c20989f3e5f}</UniqueIdentifier>
    </Filter>
    <Filter Include="Header Files\dlls\entities\weapons">
      <UniqueIdentifier>{354bd4be-d063-4007-859f-33c5f30d90ac}</UniqueIdentifier>
    </Filter>
    <Filter Include="Header Files\dlls\entities\point">
      <UniqueIdentifier>{1a8739e4-0116-470d-9958-e0ec6cd91efd}</UniqueIdentifier>
    </Filter>
    <Filter Include="Header Files\dlls\entities\items">
      <UniqueIdentifier>{f527b101-9fe1-4013-b246-bc810b7668cd}</UniqueIdentifier>
    </Filter>
    <Filter Include="Header Files\dlls\entities\npcs">
      <UniqueIdentifier>{0c36e8e5-cbde-4b05-b5e0-af15ef00de19}</UniqueIdentifier>
    </Filter>
    <Filter Include="Header Files\dlls\entities\base">
      <UniqueIdentifier>{d719cefd-c8f6-40a2-abc7-ffd2d7c09acc}</UniqueIdentifier>
    </Filter>
  </ItemGroup>
  <ItemGroup>
    <ClCompile Include="..\..\dlls\animation.cpp">
      <Filter>Source Files\dlls</Filter>
    </ClCompile>
    <ClCompile Include="..\..\dlls\client.cpp">
      <Filter>Source Files\dlls</Filter>
    </ClCompile>
    <ClCompile Include="..\..\dlls\game.cpp">
      <Filter>Source Files\dlls</Filter>
    </ClCompile>
    <ClCompile Include="..\..\dlls\gamerules.cpp">
      <Filter>Source Files\dlls</Filter>
    </ClCompile>
    <ClCompile Include="..\..\dlls\globals.cpp">
      <Filter>Source Files\dlls</Filter>
    </ClCompile>
    <ClCompile Include="..\..\dlls\h_ai.cpp">
      <Filter>Source Files\dlls</Filter>
    </ClCompile>
    <ClCompile Include="..\..\dlls\h_export.cpp">
      <Filter>Source Files\dlls</Filter>
    </ClCompile>
    <ClCompile Include="..\..\dlls\player.cpp">
      <Filter>Source Files\dlls</Filter>
    </ClCompile>
    <ClCompile Include="..\..\dlls\multiplay_gamerules.cpp">
      <Filter>Source Files\dlls</Filter>
    </ClCompile>
    <ClCompile Include="..\..\dlls\nodes.cpp">
      <Filter>Source Files\dlls</Filter>
    </ClCompile>
    <ClCompile Include="..\..\dlls\observer.cpp">
      <Filter>Source Files\dlls</Filter>
    </ClCompile>
    <ClCompile Include="..\..\dlls\plane.cpp">
      <Filter>Source Files\dlls</Filter>
    </ClCompile>
    <ClCompile Include="..\..\dlls\singleplay_gamerules.cpp">
      <Filter>Source Files\dlls</Filter>
    </ClCompile>
    <ClCompile Include="..\..\dlls\skill.cpp">
      <Filter>Source Files\dlls</Filter>
    </ClCompile>
    <ClCompile Include="..\..\dlls\spectator.cpp">
      <Filter>Source Files\dlls</Filter>
    </ClCompile>
    <ClCompile Include="..\..\dlls\teamplay_gamerules.cpp">
      <Filter>Source Files\dlls</Filter>
    </ClCompile>
    <ClCompile Include="..\..\dlls\util.cpp">
      <Filter>Source Files\dlls</Filter>
    </ClCompile>
    <ClCompile Include="..\..\game_shared\voice_gamemgr.cpp">
      <Filter>Source Files\game_shared</Filter>
    </ClCompile>
    <ClCompile Include="..\..\dlls\world.cpp">
      <Filter>Source Files\dlls</Filter>
    </ClCompile>
    <ClCompile Include="..\..\pm_shared\pm_debug.cpp">
      <Filter>Source Files\pm_shared</Filter>
    </ClCompile>
    <ClCompile Include="..\..\pm_shared\pm_math.cpp">
      <Filter>Source Files\pm_shared</Filter>
    </ClCompile>
    <ClCompile Include="..\..\pm_shared\pm_shared.cpp">
      <Filter>Source Files\pm_shared</Filter>
    </ClCompile>
    <ClCompile Include="..\..\dlls\movewith.cpp">
      <Filter>Source Files\dlls</Filter>
    </ClCompile>
    <ClCompile Include="..\..\dlls\entities\base\cbase.cpp">
      <Filter>Source Files\dlls\entities\base</Filter>
    </ClCompile>
    <ClCompile Include="..\..\dlls\entities\brush\CFuncWall.cpp">
      <Filter>Source Files\dlls\entities\brush</Filter>
    </ClCompile>
    <ClCompile Include="..\..\dlls\entities\brush\CFuncWallToggle.cpp">
      <Filter>Source Files\dlls\entities\brush</Filter>
    </ClCompile>
    <ClCompile Include="..\..\dlls\entities\brush\CFuncConveyor.cpp">
      <Filter>Source Files\dlls\entities\brush</Filter>
    </ClCompile>
    <ClCompile Include="..\..\dlls\entities\brush\CMonsterClip.cpp">
      <Filter>Source Files\dlls\entities\brush</Filter>
    </ClCompile>
    <ClCompile Include="..\..\dlls\entities\brush\CFuncShine.cpp">
      <Filter>Source Files\dlls\entities\brush</Filter>
    </ClCompile>
    <ClCompile Include="..\..\dlls\entities\brush\CFuncIllusionary.cpp">
      <Filter>Source Files\dlls\entities\brush</Filter>
    </ClCompile>
    <ClCompile Include="..\..\dlls\entities\brush\CFuncRotating.cpp">
      <Filter>Source Files\dlls\entities\brush</Filter>
    </ClCompile>
    <ClCompile Include="..\..\dlls\entities\brush\CPendulum.cpp">
      <Filter>Source Files\dlls\entities\brush</Filter>
    </ClCompile>
    <ClCompile Include="..\..\dlls\entities\brush\CButtonTarget.cpp">
      <Filter>Source Files\dlls\entities\brush</Filter>
    </ClCompile>
    <ClCompile Include="..\..\dlls\entities\brush\CEnvSpark.cpp">
      <Filter>Source Files\dlls\entities\brush</Filter>
    </ClCompile>
    <ClCompile Include="..\..\dlls\entities\brush\CMomentaryRotButton.cpp">
      <Filter>Source Files\dlls\entities\brush</Filter>
    </ClCompile>
    <ClCompile Include="..\..\dlls\entities\brush\CRotButton.cpp">
      <Filter>Source Files\dlls\entities\brush</Filter>
    </ClCompile>
    <ClCompile Include="..\..\dlls\entities\brush\CBaseButton.cpp">
      <Filter>Source Files\dlls\entities\brush</Filter>
    </ClCompile>
    <ClCompile Include="..\..\dlls\entities\brush\CMultiSource.cpp">
      <Filter>Source Files\dlls\entities\brush</Filter>
    </ClCompile>
    <ClCompile Include="..\..\dlls\entities\brush\CEnvState.cpp">
      <Filter>Source Files\dlls\entities\brush</Filter>
    </ClCompile>
    <ClCompile Include="..\..\dlls\entities\brush\CEnvGlobal.cpp">
      <Filter>Source Files\dlls\entities\brush</Filter>
    </ClCompile>
    <ClCompile Include="..\..\dlls\entities\brush\CMomentaryDoor.cpp">
      <Filter>Source Files\dlls\entities\brush</Filter>
    </ClCompile>
    <ClCompile Include="..\..\dlls\entities\brush\CRotDoor.cpp">
      <Filter>Source Files\dlls\entities\brush</Filter>
    </ClCompile>
    <ClCompile Include="..\..\dlls\entities\brush\CBaseDoor.cpp">
      <Filter>Source Files\dlls\entities\brush</Filter>
    </ClCompile>
    <ClCompile Include="..\..\dlls\entities\brush\CRecharge.cpp">
      <Filter>Source Files\dlls\entities\brush</Filter>
    </ClCompile>
    <ClCompile Include="..\..\dlls\entities\brush\CMortar.cpp">
      <Filter>Source Files\dlls\entities\brush</Filter>
    </ClCompile>
    <ClCompile Include="..\..\dlls\entities\brush\CFuncMortarField.cpp">
      <Filter>Source Files\dlls\entities\brush</Filter>
    </ClCompile>
    <ClCompile Include="..\..\dlls\entities\brush\CTrainSequence.cpp">
      <Filter>Source Files\dlls\entities\brush</Filter>
    </ClCompile>
    <ClCompile Include="..\..\dlls\entities\brush\CFuncTrackTrain.cpp">
      <Filter>Source Files\dlls\entities\brush</Filter>
    </ClCompile>
    <ClCompile Include="..\..\dlls\entities\brush\CFuncTrain.cpp">
      <Filter>Source Files\dlls\entities\brush</Filter>
    </ClCompile>
    <ClCompile Include="..\..\dlls\entities\brush\CBasePlatTrain.cpp">
      <Filter>Source Files\dlls\entities\brush</Filter>
    </ClCompile>
    <ClCompile Include="..\..\dlls\entities\brush\CPathTrack.cpp">
      <Filter>Source Files\dlls\entities\brush</Filter>
    </ClCompile>
    <ClCompile Include="..\..\dlls\entities\brush\CFuncPlat.cpp">
      <Filter>Source Files\dlls\entities\brush</Filter>
    </ClCompile>
    <ClCompile Include="..\..\dlls\entities\brush\CPlatTrigger.cpp">
      <Filter>Source Files\dlls\entities\brush</Filter>
    </ClCompile>
    <ClCompile Include="..\..\dlls\entities\brush\CFuncTrainControls.cpp">
      <Filter>Source Files\dlls\entities\brush</Filter>
    </ClCompile>
    <ClCompile Include="..\..\dlls\entities\brush\CFuncPlatRot.cpp">
      <Filter>Source Files\dlls\entities\brush</Filter>
    </ClCompile>
    <ClCompile Include="..\..\dlls\entities\brush\CFuncTrackChange.cpp">
      <Filter>Source Files\dlls\entities\brush</Filter>
    </ClCompile>
    <ClCompile Include="..\..\dlls\entities\brush\CFuncTrackAuto.cpp">
      <Filter>Source Files\dlls\entities\brush</Filter>
    </ClCompile>
    <ClCompile Include="..\..\dlls\entities\brush\CGunTarget.cpp">
      <Filter>Source Files\dlls\entities\brush</Filter>
    </ClCompile>
    <ClCompile Include="..\..\dlls\entities\brush\CBreakable.cpp">
      <Filter>Source Files\dlls\entities\brush</Filter>
    </ClCompile>
    <ClCompile Include="..\..\dlls\entities\brush\CPushable.cpp">
      <Filter>Source Files\dlls\entities\brush</Filter>
    </ClCompile>
    <ClCompile Include="..\..\dlls\entities\brush\CFuncTank.cpp">
      <Filter>Source Files\dlls\entities\brush</Filter>
    </ClCompile>
    <ClCompile Include="..\..\dlls\entities\brush\CTankSequence.cpp">
      <Filter>Source Files\dlls\entities\brush</Filter>
    </ClCompile>
    <ClCompile Include="..\..\dlls\entities\brush\CFuncTankControls.cpp">
      <Filter>Source Files\dlls\entities\brush</Filter>
    </ClCompile>
    <ClCompile Include="..\..\dlls\entities\brush\CFuncTankGun.cpp">
      <Filter>Source Files\dlls\entities\brush</Filter>
    </ClCompile>
    <ClCompile Include="..\..\dlls\entities\brush\CFuncTankLaser.cpp">
      <Filter>Source Files\dlls\entities\brush</Filter>
    </ClCompile>
    <ClCompile Include="..\..\dlls\entities\brush\CFuncTankRocket.cpp">
      <Filter>Source Files\dlls\entities\brush</Filter>
    </ClCompile>
    <ClCompile Include="..\..\dlls\entities\brush\CFuncTankMortar.cpp">
      <Filter>Source Files\dlls\entities\brush</Filter>
    </ClCompile>
    <ClCompile Include="..\..\dlls\entities\effects\CBlood.cpp">
      <Filter>Source Files\dlls\entities\effects</Filter>
    </ClCompile>
    <ClCompile Include="..\..\dlls\entities\effects\CBubbling.cpp">
      <Filter>Source Files\dlls\entities\effects</Filter>
    </ClCompile>
    <ClCompile Include="..\..\dlls\entities\effects\CEnvBeamTrail.cpp">
      <Filter>Source Files\dlls\entities\effects</Filter>
    </ClCompile>
    <ClCompile Include="..\..\dlls\entities\effects\CEnvBeverage.cpp">
      <Filter>Source Files\dlls\entities\effects</Filter>
    </ClCompile>
    <ClCompile Include="..\..\dlls\entities\effects\CEnvDecal.cpp">
      <Filter>Source Files\dlls\entities\effects</Filter>
    </ClCompile>
    <ClCompile Include="..\..\dlls\entities\effects\CEnvDLight.cpp">
      <Filter>Source Files\dlls\entities\effects</Filter>
    </ClCompile>
    <ClCompile Include="..\..\dlls\entities\effects\CEnvELight.cpp">
      <Filter>Source Files\dlls\entities\effects</Filter>
    </ClCompile>
    <ClCompile Include="..\..\dlls\entities\effects\CEnvFog.cpp">
      <Filter>Source Files\dlls\entities\effects</Filter>
    </ClCompile>
    <ClCompile Include="..\..\dlls\entities\effects\CEnvFootsteps.cpp">
      <Filter>Source Files\dlls\entities\effects</Filter>
    </ClCompile>
    <ClCompile Include="..\..\dlls\entities\effects\CEnvFunnel.cpp">
      <Filter>Source Files\dlls\entities\effects</Filter>
    </ClCompile>
    <ClCompile Include="..\..\dlls\entities\effects\CEnvMirror.cpp">
      <Filter>Source Files\dlls\entities\effects</Filter>
    </ClCompile>
    <ClCompile Include="..\..\dlls\entities\effects\CEnvModel.cpp">
      <Filter>Source Files\dlls\entities\effects</Filter>
    </ClCompile>
    <ClCompile Include="..\..\dlls\entities\effects\CEnvQuakeFx.cpp">
      <Filter>Source Files\dlls\entities\effects</Filter>
    </ClCompile>
    <ClCompile Include="..\..\dlls\entities\effects\CEnvRain.cpp">
      <Filter>Source Files\dlls\entities\effects</Filter>
    </ClCompile>
    <ClCompile Include="..\..\dlls\entities\effects\CEnvShockwave.cpp">
      <Filter>Source Files\dlls\entities\effects</Filter>
    </ClCompile>
    <ClCompile Include="..\..\dlls\entities\effects\CEnvShooter.cpp">
      <Filter>Source Files\dlls\entities\effects</Filter>
    </ClCompile>
    <ClCompile Include="..\..\dlls\entities\effects\CEnvSky.cpp">
      <Filter>Source Files\dlls\entities\effects</Filter>
    </ClCompile>
    <ClCompile Include="..\..\dlls\entities\effects\CEnvWarpBall.cpp">
      <Filter>Source Files\dlls\entities\effects</Filter>
    </ClCompile>
    <ClCompile Include="..\..\dlls\entities\effects\CFade.cpp">
      <Filter>Source Files\dlls\entities\effects</Filter>
    </ClCompile>
    <ClCompile Include="..\..\dlls\entities\effects\CGibShooter.cpp">
      <Filter>Source Files\dlls\entities\effects</Filter>
    </ClCompile>
    <ClCompile Include="..\..\dlls\entities\effects\CGlow.cpp">
      <Filter>Source Files\dlls\entities\effects</Filter>
    </ClCompile>
    <ClCompile Include="..\..\dlls\entities\effects\CInfoTarget.cpp">
      <Filter>Source Files\dlls\entities\effects</Filter>
    </ClCompile>
    <ClCompile Include="..\..\dlls\entities\effects\CItemSoda.cpp">
      <Filter>Source Files\dlls\entities\effects</Filter>
    </ClCompile>
    <ClCompile Include="..\..\dlls\entities\effects\CLightning.cpp">
      <Filter>Source Files\dlls\entities\effects</Filter>
    </ClCompile>
    <ClCompile Include="..\..\dlls\entities\effects\CMessage.cpp">
      <Filter>Source Files\dlls\entities\effects</Filter>
    </ClCompile>
    <ClCompile Include="..\..\dlls\entities\effects\CParticle.cpp">
      <Filter>Source Files\dlls\entities\effects</Filter>
    </ClCompile>
    <ClCompile Include="..\..\dlls\entities\effects\CShake.cpp">
      <Filter>Source Files\dlls\entities\effects</Filter>
    </ClCompile>
    <ClCompile Include="..\..\dlls\entities\effects\CShot.cpp">
      <Filter>Source Files\dlls\entities\effects</Filter>
    </ClCompile>
    <ClCompile Include="..\..\dlls\entities\effects\CTestEffect.cpp">
      <Filter>Source Files\dlls\entities\effects</Filter>
    </ClCompile>
    <ClCompile Include="..\..\dlls\entities\effects\CTripBeam.cpp">
      <Filter>Source Files\dlls\entities\effects</Filter>
    </ClCompile>
    <ClCompile Include="..\..\dlls\entities\effects\CBeam.cpp">
      <Filter>Source Files\dlls\entities\effects</Filter>
    </ClCompile>
    <ClCompile Include="..\..\dlls\entities\effects\CLaser.cpp">
      <Filter>Source Files\dlls\entities\effects</Filter>
    </ClCompile>
    <ClCompile Include="..\..\dlls\entities\effects\CRainModify.cpp">
      <Filter>Source Files\dlls\entities\effects</Filter>
    </ClCompile>
    <ClCompile Include="..\..\dlls\entities\effects\CRainSettings.cpp">
      <Filter>Source Files\dlls\entities\effects</Filter>
    </ClCompile>
    <ClCompile Include="..\..\dlls\entities\effects\CSprite.cpp">
      <Filter>Source Files\dlls\entities\effects</Filter>
    </ClCompile>
    <ClCompile Include="..\..\dlls\entities\effects\CEnvExplosion.cpp">
      <Filter>Source Files\dlls\entities\effects</Filter>
    </ClCompile>
    <ClCompile Include="..\..\dlls\entities\effects\CShower.cpp">
      <Filter>Source Files\dlls\entities\effects</Filter>
    </ClCompile>
    <ClCompile Include="..\..\dlls\entities\effects\CEnvLight.cpp">
      <Filter>Source Files\dlls\entities\effects</Filter>
    </ClCompile>
    <ClCompile Include="..\..\dlls\entities\effects\CLight.cpp">
      <Filter>Source Files\dlls\entities\effects</Filter>
    </ClCompile>
    <ClCompile Include="..\..\dlls\entities\effects\CLightDynamic.cpp">
      <Filter>Source Files\dlls\entities\effects</Filter>
    </ClCompile>
    <ClCompile Include="..\..\dlls\entities\effects\CLightFader.cpp">
      <Filter>Source Files\dlls\entities\effects</Filter>
    </ClCompile>
    <ClCompile Include="..\..\dlls\entities\effects\CTriggerLightstyle.cpp">
      <Filter>Source Files\dlls\entities\effects</Filter>
    </ClCompile>
    <ClCompile Include="..\..\dlls\entities\effects\CAmbientGeneric.cpp">
      <Filter>Source Files\dlls\entities\effects</Filter>
    </ClCompile>
    <ClCompile Include="..\..\dlls\entities\effects\CEnvSound.cpp">
      <Filter>Source Files\dlls\entities\effects</Filter>
    </ClCompile>
    <ClCompile Include="..\..\dlls\entities\effects\CSpeaker.cpp">
      <Filter>Source Files\dlls\entities\effects</Filter>
    </ClCompile>
    <ClCompile Include="..\..\dlls\entities\effects\CTriggerSound.cpp">
      <Filter>Source Files\dlls\entities\effects</Filter>
    </ClCompile>
    <ClCompile Include="..\..\dlls\entities\effects\CSoundEnt.cpp">
      <Filter>Source Files\dlls\entities\effects</Filter>
    </ClCompile>
    <ClCompile Include="..\..\dlls\CSound.cpp">
      <Filter>Source Files\dlls</Filter>
    </ClCompile>
    <ClCompile Include="..\..\dlls\entities\effects\CCycler.cpp">
      <Filter>Source Files\dlls\entities\effects</Filter>
    </ClCompile>
    <ClCompile Include="..\..\dlls\entities\effects\CCyclerProbe.cpp">
      <Filter>Source Files\dlls\entities\effects</Filter>
    </ClCompile>
    <ClCompile Include="..\..\dlls\entities\effects\CCyclerSprite.cpp">
      <Filter>Source Files\dlls\entities\effects</Filter>
    </ClCompile>
    <ClCompile Include="..\..\dlls\entities\effects\CGenericCycler.cpp">
      <Filter>Source Files\dlls\entities\effects</Filter>
    </ClCompile>
    <ClCompile Include="..\..\dlls\entities\effects\CWeaponCycler.cpp">
      <Filter>Source Files\dlls\entities\effects</Filter>
    </ClCompile>
    <ClCompile Include="..\..\dlls\entities\effects\CWreckage.cpp">
      <Filter>Source Files\dlls\entities\effects</Filter>
    </ClCompile>
    <ClCompile Include="..\..\dlls\entities\triggers\CAutoTrigger.cpp">
      <Filter>Source Files\dlls\entities\triggers</Filter>
    </ClCompile>
    <ClCompile Include="..\..\dlls\entities\triggers\CBaseTrigger.cpp">
      <Filter>Source Files\dlls\entities\triggers</Filter>
    </ClCompile>
    <ClCompile Include="..\..\dlls\entities\triggers\CChangeLevel.cpp">
      <Filter>Source Files\dlls\entities\triggers</Filter>
    </ClCompile>
    <ClCompile Include="..\..\dlls\entities\triggers\CEnvCustomize.cpp">
      <Filter>Source Files\dlls\entities\triggers</Filter>
    </ClCompile>
    <ClCompile Include="..\..\dlls\entities\triggers\CFireAndDie.cpp">
      <Filter>Source Files\dlls\entities\triggers</Filter>
    </ClCompile>
    <ClCompile Include="..\..\dlls\entities\triggers\CFrictionModifier.cpp">
      <Filter>Source Files\dlls\entities\triggers</Filter>
    </ClCompile>
    <ClCompile Include="..\..\dlls\entities\triggers\CInOutRegister.cpp">
      <Filter>Source Files\dlls\entities\triggers</Filter>
    </ClCompile>
    <ClCompile Include="..\..\dlls\entities\triggers\CLadder.cpp">
      <Filter>Source Files\dlls\entities\triggers</Filter>
    </ClCompile>
    <ClCompile Include="..\..\dlls\entities\triggers\CMotionManager.cpp">
      <Filter>Source Files\dlls\entities\triggers</Filter>
    </ClCompile>
    <ClCompile Include="..\..\dlls\entities\triggers\CMotionThread.cpp">
      <Filter>Source Files\dlls\entities\triggers</Filter>
    </ClCompile>
    <ClCompile Include="..\..\dlls\entities\triggers\CRenderFxFader.cpp">
      <Filter>Source Files\dlls\entities\triggers</Filter>
    </ClCompile>
    <ClCompile Include="..\..\dlls\entities\triggers\CRenderFxManager.cpp">
      <Filter>Source Files\dlls\entities\triggers</Filter>
    </ClCompile>
    <ClCompile Include="..\..\dlls\entities\triggers\CStateWatcher.cpp">
      <Filter>Source Files\dlls\entities\triggers</Filter>
    </ClCompile>
    <ClCompile Include="..\..\dlls\entities\triggers\CTargetCDAudio.cpp">
      <Filter>Source Files\dlls\entities\triggers</Filter>
    </ClCompile>
    <ClCompile Include="..\..\dlls\entities\triggers\CTargetFMODAudio.cpp">
      <Filter>Source Files\dlls\entities\triggers</Filter>
    </ClCompile>
    <ClCompile Include="..\..\dlls\entities\triggers\CTriggerBounce.cpp">
      <Filter>Source Files\dlls\entities\triggers</Filter>
    </ClCompile>
    <ClCompile Include="..\..\dlls\entities\triggers\CTriggerCamera.cpp">
      <Filter>Source Files\dlls\entities\triggers</Filter>
    </ClCompile>
    <ClCompile Include="..\..\dlls\entities\triggers\CTriggerCDAudio.cpp">
      <Filter>Source Files\dlls\entities\triggers</Filter>
    </ClCompile>
    <ClCompile Include="..\..\dlls\entities\triggers\CTriggerChangeCVar.cpp">
      <Filter>Source Files\dlls\entities\triggers</Filter>
    </ClCompile>
    <ClCompile Include="..\..\dlls\entities\triggers\CTriggerChangeTarget.cpp">
      <Filter>Source Files\dlls\entities\triggers</Filter>
    </ClCompile>
    <ClCompile Include="..\..\dlls\entities\triggers\CTriggerChangeValue.cpp">
      <Filter>Source Files\dlls\entities\triggers</Filter>
    </ClCompile>
    <ClCompile Include="..\..\dlls\entities\triggers\CTriggerCommand.cpp">
      <Filter>Source Files\dlls\entities\triggers</Filter>
    </ClCompile>
    <ClCompile Include="..\..\dlls\entities\triggers\CTriggerCounter.cpp">
      <Filter>Source Files\dlls\entities\triggers</Filter>
    </ClCompile>
    <ClCompile Include="..\..\dlls\entities\triggers\CTriggerEndSection.cpp">
      <Filter>Source Files\dlls\entities\triggers</Filter>
    </ClCompile>
    <ClCompile Include="..\..\dlls\entities\triggers\CTriggerGravity.cpp">
      <Filter>Source Files\dlls\entities\triggers</Filter>
    </ClCompile>
    <ClCompile Include="..\..\dlls\entities\triggers\CTriggerHevCharge.cpp">
      <Filter>Source Files\dlls\entities\triggers</Filter>
    </ClCompile>
    <ClCompile Include="..\..\dlls\entities\triggers\CTriggerHurt.cpp">
      <Filter>Source Files\dlls\entities\triggers</Filter>
    </ClCompile>
    <ClCompile Include="..\..\dlls\entities\triggers\CTriggerInOut.cpp">
      <Filter>Source Files\dlls\entities\triggers</Filter>
    </ClCompile>
    <ClCompile Include="..\..\dlls\entities\triggers\CTriggerMonsterJump.cpp">
      <Filter>Source Files\dlls\entities\triggers</Filter>
    </ClCompile>
    <ClCompile Include="..\..\dlls\entities\triggers\CTriggerMotion.cpp">
      <Filter>Source Files\dlls\entities\triggers</Filter>
    </ClCompile>
    <ClCompile Include="..\..\dlls\entities\triggers\CTriggerMultiple.cpp">
      <Filter>Source Files\dlls\entities\triggers</Filter>
    </ClCompile>
    <ClCompile Include="..\..\dlls\entities\triggers\CTriggerOnce.cpp">
      <Filter>Source Files\dlls\entities\triggers</Filter>
    </ClCompile>
    <ClCompile Include="..\..\dlls\entities\triggers\CTriggerOnSight.cpp">
      <Filter>Source Files\dlls\entities\triggers</Filter>
    </ClCompile>
    <ClCompile Include="..\..\dlls\entities\triggers\CTriggerPush.cpp">
      <Filter>Source Files\dlls\entities\triggers</Filter>
    </ClCompile>
    <ClCompile Include="..\..\dlls\entities\triggers\CTriggerRelay.cpp">
      <Filter>Source Files\dlls\entities\triggers</Filter>
    </ClCompile>
    <ClCompile Include="..\..\dlls\entities\triggers\CTriggerRotTest.cpp">
      <Filter>Source Files\dlls\entities\triggers</Filter>
    </ClCompile>
    <ClCompile Include="..\..\dlls\entities\triggers\CTriggerSave.cpp">
      <Filter>Source Files\dlls\entities\triggers</Filter>
    </ClCompile>
    <ClCompile Include="..\..\dlls\entities\triggers\CTriggerSetPatrol.cpp">
      <Filter>Source Files\dlls\entities\triggers</Filter>
    </ClCompile>
    <ClCompile Include="..\..\dlls\entities\triggers\CTriggerTeleport.cpp">
      <Filter>Source Files\dlls\entities\triggers</Filter>
    </ClCompile>
    <ClCompile Include="..\..\dlls\entities\triggers\CWatcherRatio.cpp">
      <Filter>Source Files\dlls\entities\triggers</Filter>
    </ClCompile>
    <ClCompile Include="..\..\dlls\entities\triggers\CMultiManager.cpp">
      <Filter>Source Files\dlls\entities\triggers</Filter>
    </ClCompile>
    <ClCompile Include="..\..\dlls\entities\triggers\CTriggerVolume.cpp">
      <Filter>Source Files\dlls\entities\triggers</Filter>
    </ClCompile>
    <ClCompile Include="..\..\dlls\entities\triggers\CWatcherCount.cpp">
      <Filter>Source Files\dlls\entities\triggers</Filter>
    </ClCompile>
    <ClCompile Include="..\..\dlls\entities\weapons\CBasePlayerAmmo.cpp">
      <Filter>Source Files\dlls\entities\weapons</Filter>
    </ClCompile>
    <ClCompile Include="..\..\dlls\entities\weapons\CBasePlayerItem.cpp">
      <Filter>Source Files\dlls\entities\weapons</Filter>
    </ClCompile>
    <ClCompile Include="..\..\dlls\entities\weapons\CBasePlayerWeapon.cpp">
      <Filter>Source Files\dlls\entities\weapons</Filter>
    </ClCompile>
    <ClCompile Include="..\..\dlls\entities\weapons\CCrossbow.cpp">
      <Filter>Source Files\dlls\entities\weapons</Filter>
    </ClCompile>
    <ClCompile Include="..\..\dlls\entities\weapons\CCrowbar.cpp">
      <Filter>Source Files\dlls\entities\weapons</Filter>
    </ClCompile>
    <ClCompile Include="..\..\dlls\entities\weapons\CEgon.cpp">
      <Filter>Source Files\dlls\entities\weapons</Filter>
    </ClCompile>
    <ClCompile Include="..\..\dlls\entities\weapons\CGauss.cpp">
      <Filter>Source Files\dlls\entities\weapons</Filter>
    </ClCompile>
    <ClCompile Include="..\..\dlls\entities\weapons\CGlock.cpp">
      <Filter>Source Files\dlls\entities\weapons</Filter>
    </ClCompile>
    <ClCompile Include="..\..\dlls\entities\weapons\CGrenade.cpp">
      <Filter>Source Files\dlls\entities\weapons</Filter>
    </ClCompile>
    <ClCompile Include="..\..\dlls\entities\weapons\CHandGrenade.cpp">
      <Filter>Source Files\dlls\entities\weapons</Filter>
    </ClCompile>
    <ClCompile Include="..\..\dlls\entities\weapons\CHgun.cpp">
      <Filter>Source Files\dlls\entities\weapons</Filter>
    </ClCompile>
    <ClCompile Include="..\..\dlls\entities\weapons\CLaserSpot.cpp">
      <Filter>Source Files\dlls\entities\weapons</Filter>
    </ClCompile>
    <ClCompile Include="..\..\dlls\entities\weapons\CMP5.cpp">
      <Filter>Source Files\dlls\entities\weapons</Filter>
    </ClCompile>
    <ClCompile Include="..\..\dlls\entities\weapons\CPython.cpp">
      <Filter>Source Files\dlls\entities\weapons</Filter>
    </ClCompile>
    <ClCompile Include="..\..\dlls\entities\weapons\CRpg.cpp">
      <Filter>Source Files\dlls\entities\weapons</Filter>
    </ClCompile>
    <ClCompile Include="..\..\dlls\entities\weapons\CRpgRocket.cpp">
      <Filter>Source Files\dlls\entities\weapons</Filter>
    </ClCompile>
    <ClCompile Include="..\..\dlls\entities\weapons\CSatchel.cpp">
      <Filter>Source Files\dlls\entities\weapons</Filter>
    </ClCompile>
    <ClCompile Include="..\..\dlls\entities\weapons\CShotgun.cpp">
      <Filter>Source Files\dlls\entities\weapons</Filter>
    </ClCompile>
    <ClCompile Include="..\..\dlls\entities\weapons\CSqueak.cpp">
      <Filter>Source Files\dlls\entities\weapons</Filter>
    </ClCompile>
    <ClCompile Include="..\..\dlls\entities\weapons\CTripmine.cpp">
      <Filter>Source Files\dlls\entities\weapons</Filter>
    </ClCompile>
    <ClCompile Include="..\..\dlls\entities\weapons\CWeaponBox.cpp">
      <Filter>Source Files\dlls\entities\weapons</Filter>
    </ClCompile>
    <ClCompile Include="..\..\dlls\entities\weapons\CWpnGeneric.cpp">
      <Filter>Source Files\dlls\entities\weapons</Filter>
    </ClCompile>
    <ClCompile Include="..\..\dlls\entities\weapons\CCrossbowBolt.cpp">
      <Filter>Source Files\dlls\entities\weapons</Filter>
    </ClCompile>
    <ClCompile Include="..\..\dlls\entities\weapons\CSatchelCharge.cpp">
      <Filter>Source Files\dlls\entities\weapons</Filter>
    </ClCompile>
    <ClCompile Include="..\..\dlls\entities\weapons\CDebugger.cpp">
      <Filter>Source Files\dlls\entities\weapons</Filter>
    </ClCompile>
    <ClCompile Include="..\..\dlls\entities\weapons\CTripmineGrenade.cpp">
      <Filter>Source Files\dlls\entities\weapons</Filter>
    </ClCompile>
    <ClCompile Include="..\..\dlls\entities\weapons\CSqueakGrenade.cpp">
      <Filter>Source Files\dlls\entities\weapons</Filter>
    </ClCompile>
    <ClCompile Include="..\..\dlls\entities\point\CLocusAlias.cpp">
      <Filter>Source Files\dlls\entities\point</Filter>
    </ClCompile>
    <ClCompile Include="..\..\dlls\entities\point\CLocusBeam.cpp">
      <Filter>Source Files\dlls\entities\point</Filter>
    </ClCompile>
    <ClCompile Include="..\..\dlls\entities\point\CCalcAngles.cpp">
      <Filter>Source Files\dlls\entities\point</Filter>
    </ClCompile>
    <ClCompile Include="..\..\dlls\entities\point\CCalcFallback.cpp">
      <Filter>Source Files\dlls\entities\point</Filter>
    </ClCompile>
    <ClCompile Include="..\..\dlls\entities\point\CCalcFromCVar.cpp">
      <Filter>Source Files\dlls\entities\point</Filter>
    </ClCompile>
    <ClCompile Include="..\..\dlls\entities\point\CCalcNumFromEnt.cpp">
      <Filter>Source Files\dlls\entities\point</Filter>
    </ClCompile>
    <ClCompile Include="..\..\dlls\entities\point\CCalcNumFromNum.cpp">
      <Filter>Source Files\dlls\entities\point</Filter>
    </ClCompile>
    <ClCompile Include="..\..\dlls\entities\point\CCalcNumFromVec.cpp">
      <Filter>Source Files\dlls\entities\point</Filter>
    </ClCompile>
    <ClCompile Include="..\..\dlls\entities\point\CCalcPosition.cpp">
      <Filter>Source Files\dlls\entities\point</Filter>
    </ClCompile>
    <ClCompile Include="..\..\dlls\entities\point\CCalcSubVelocity.cpp">
      <Filter>Source Files\dlls\entities\point</Filter>
    </ClCompile>
    <ClCompile Include="..\..\dlls\entities\point\CCalcVelocityPath.cpp">
      <Filter>Source Files\dlls\entities\point</Filter>
    </ClCompile>
    <ClCompile Include="..\..\dlls\entities\point\CCalcVelocityPolar.cpp">
      <Filter>Source Files\dlls\entities\point</Filter>
    </ClCompile>
    <ClCompile Include="..\..\dlls\entities\point\CLocusVariable.cpp">
      <Filter>Source Files\dlls\entities\point</Filter>
    </ClCompile>
    <ClCompile Include="..\..\dlls\entities\point\CGameCounter.cpp">
      <Filter>Source Files\dlls\entities\point</Filter>
    </ClCompile>
    <ClCompile Include="..\..\dlls\entities\point\CGameCounterSet.cpp">
      <Filter>Source Files\dlls\entities\point</Filter>
    </ClCompile>
    <ClCompile Include="..\..\dlls\entities\point\CGameEnd.cpp">
      <Filter>Source Files\dlls\entities\point</Filter>
    </ClCompile>
    <ClCompile Include="..\..\dlls\entities\point\CGamePlayerEquip.cpp">
      <Filter>Source Files\dlls\entities\point</Filter>
    </ClCompile>
    <ClCompile Include="..\..\dlls\entities\point\CGamePlayerHurt.cpp">
      <Filter>Source Files\dlls\entities\point</Filter>
    </ClCompile>
    <ClCompile Include="..\..\dlls\entities\point\CGamePlayerTeam.cpp">
      <Filter>Source Files\dlls\entities\point</Filter>
    </ClCompile>
    <ClCompile Include="..\..\dlls\entities\point\CGamePlayerZone.cpp">
      <Filter>Source Files\dlls\entities\point</Filter>
    </ClCompile>
    <ClCompile Include="..\..\dlls\entities\point\CGameScore.cpp">
      <Filter>Source Files\dlls\entities\point</Filter>
    </ClCompile>
    <ClCompile Include="..\..\dlls\entities\point\CGameTeamMaster.cpp">
      <Filter>Source Files\dlls\entities\point</Filter>
    </ClCompile>
    <ClCompile Include="..\..\dlls\entities\point\CGameTeamSet.cpp">
      <Filter>Source Files\dlls\entities\point</Filter>
    </ClCompile>
    <ClCompile Include="..\..\dlls\entities\point\CGameText.cpp">
      <Filter>Source Files\dlls\entities\point</Filter>
    </ClCompile>
    <ClCompile Include="..\..\dlls\entities\point\CRuleBrushEntity.cpp">
      <Filter>Source Files\dlls\entities\point</Filter>
    </ClCompile>
    <ClCompile Include="..\..\dlls\entities\point\CRuleEntity.cpp">
      <Filter>Source Files\dlls\entities\point</Filter>
    </ClCompile>
    <ClCompile Include="..\..\dlls\entities\point\CRulePointEntity.cpp">
      <Filter>Source Files\dlls\entities\point</Filter>
    </ClCompile>
    <ClCompile Include="..\..\dlls\entities\point\CMonsterMaker.cpp">
      <Filter>Source Files\dlls\entities\point</Filter>
    </ClCompile>
    <ClCompile Include="..\..\dlls\entities\point\CPathCorner.cpp">
      <Filter>Source Files\dlls\entities\point</Filter>
    </ClCompile>
    <ClCompile Include="..\..\dlls\entities\point\CActAnimating.cpp">
      <Filter>Source Files\dlls\entities\point</Filter>
    </ClCompile>
    <ClCompile Include="..\..\dlls\entities\point\CXenHair.cpp">
      <Filter>Source Files\dlls\entities\point</Filter>
    </ClCompile>
    <ClCompile Include="..\..\dlls\entities\point\CXenHull.cpp">
      <Filter>Source Files\dlls\entities\point</Filter>
    </ClCompile>
    <ClCompile Include="..\..\dlls\entities\point\CXenPLight.cpp">
      <Filter>Source Files\dlls\entities\point</Filter>
    </ClCompile>
    <ClCompile Include="..\..\dlls\entities\point\CXenSpore.cpp">
      <Filter>Source Files\dlls\entities\point</Filter>
    </ClCompile>
    <ClCompile Include="..\..\dlls\entities\point\CXenSporeLarge.cpp">
      <Filter>Source Files\dlls\entities\point</Filter>
    </ClCompile>
    <ClCompile Include="..\..\dlls\entities\point\CXenSporeMed.cpp">
      <Filter>Source Files\dlls\entities\point</Filter>
    </ClCompile>
    <ClCompile Include="..\..\dlls\entities\point\CXenSporeSmall.cpp">
      <Filter>Source Files\dlls\entities\point</Filter>
    </ClCompile>
    <ClCompile Include="..\..\dlls\entities\point\CXenTree.cpp">
      <Filter>Source Files\dlls\entities\point</Filter>
    </ClCompile>
    <ClCompile Include="..\..\dlls\entities\point\CXenTreeTrigger.cpp">
      <Filter>Source Files\dlls\entities\point</Filter>
    </ClCompile>
    <ClCompile Include="..\..\dlls\entities\point\CTriggerChangeAlias.cpp">
      <Filter>Source Files\dlls\entities\point</Filter>
    </ClCompile>
    <ClCompile Include="..\..\dlls\entities\point\CBaseMutableAlias.cpp">
      <Filter>Source Files\dlls\entities\point</Filter>
    </ClCompile>
    <ClCompile Include="..\..\dlls\entities\point\CInfoAlias.cpp">
      <Filter>Source Files\dlls\entities\point</Filter>
    </ClCompile>
    <ClCompile Include="..\..\dlls\entities\point\CMultiAlias.cpp">
      <Filter>Source Files\dlls\entities\point</Filter>
    </ClCompile>
    <ClCompile Include="..\..\dlls\entities\point\CInfoGroup.cpp">
      <Filter>Source Files\dlls\entities\point</Filter>
    </ClCompile>
    <ClCompile Include="..\..\dlls\locus.cpp">
      <Filter>Source Files\dlls</Filter>
    </ClCompile>
    <ClCompile Include="..\..\dlls\bmodels.cpp">
      <Filter>Source Files\dlls</Filter>
    </ClCompile>
    <ClCompile Include="..\..\dlls\buttons.cpp">
      <Filter>Source Files\dlls</Filter>
    </ClCompile>
    <ClCompile Include="..\..\dlls\doors.cpp">
      <Filter>Source Files\dlls</Filter>
    </ClCompile>
    <ClCompile Include="..\..\dlls\lights.cpp">
      <Filter>Source Files\dlls</Filter>
    </ClCompile>
    <ClCompile Include="..\..\dlls\sound.cpp">
      <Filter>Source Files\dlls</Filter>
    </ClCompile>
    <ClCompile Include="..\..\dlls\entities\items\CAirtank.cpp">
      <Filter>Source Files\dlls\entities\items</Filter>
    </ClCompile>
    <ClCompile Include="..\..\dlls\entities\items\CHealthKit.cpp">
      <Filter>Source Files\dlls\entities\items</Filter>
    </ClCompile>
    <ClCompile Include="..\..\dlls\entities\items\CItemBattery.cpp">
      <Filter>Source Files\dlls\entities\items</Filter>
    </ClCompile>
    <ClCompile Include="..\..\dlls\entities\items\CItemLongJump.cpp">
      <Filter>Source Files\dlls\entities\items</Filter>
    </ClCompile>
    <ClCompile Include="..\..\dlls\entities\items\CItemSecurity.cpp">
      <Filter>Source Files\dlls\entities\items</Filter>
    </ClCompile>
    <ClCompile Include="..\..\dlls\entities\items\CItemSuit.cpp">
      <Filter>Source Files\dlls\entities\items</Filter>
    </ClCompile>
    <ClCompile Include="..\..\dlls\entities\items\CWallHealth.cpp">
      <Filter>Source Files\dlls\entities\items</Filter>
    </ClCompile>
    <ClCompile Include="..\..\dlls\entities\items\CWorldItem.cpp">
      <Filter>Source Files\dlls\entities\items</Filter>
    </ClCompile>
    <ClCompile Include="..\..\dlls\entities\items\CItem.cpp">
      <Filter>Source Files\dlls\entities\items</Filter>
    </ClCompile>
    <ClCompile Include="..\..\dlls\entities\items\CItemAntidote.cpp">
      <Filter>Source Files\dlls\entities\items</Filter>
    </ClCompile>
    <ClCompile Include="..\..\dlls\entities\items\CItemAntiRad.cpp">
      <Filter>Source Files\dlls\entities\items</Filter>
    </ClCompile>
    <ClCompile Include="..\..\dlls\entities\items\CItemCamera.cpp">
      <Filter>Source Files\dlls\entities\items</Filter>
    </ClCompile>
    <ClCompile Include="..\..\dlls\entities\items\CItemFlare.cpp">
      <Filter>Source Files\dlls\entities\items</Filter>
    </ClCompile>
    <ClCompile Include="..\..\dlls\entities\items\CItemMedicalKit.cpp">
      <Filter>Source Files\dlls\entities\items</Filter>
    </ClCompile>
    <ClCompile Include="..\..\dlls\entities\npcs\CAGrunt.cpp">
      <Filter>Source Files\dlls\entities\npcs</Filter>
    </ClCompile>
    <ClCompile Include="..\..\dlls\entities\npcs\CApache.cpp">
      <Filter>Source Files\dlls\entities\npcs</Filter>
    </ClCompile>
    <ClCompile Include="..\..\dlls\entities\npcs\CApacheHVR.cpp">
      <Filter>Source Files\dlls\entities\npcs</Filter>
    </ClCompile>
    <ClCompile Include="..\..\dlls\entities\npcs\CBabyCrab.cpp">
      <Filter>Source Files\dlls\entities\npcs</Filter>
    </ClCompile>
    <ClCompile Include="..\..\dlls\entities\npcs\CBarnacle.cpp">
      <Filter>Source Files\dlls\entities\npcs</Filter>
    </ClCompile>
    <ClCompile Include="..\..\dlls\entities\npcs\CBarney.cpp">
      <Filter>Source Files\dlls\entities\npcs</Filter>
    </ClCompile>
    <ClCompile Include="..\..\dlls\entities\npcs\CBaseTurret.cpp">
      <Filter>Source Files\dlls\entities\npcs</Filter>
    </ClCompile>
    <ClCompile Include="..\..\dlls\entities\npcs\CBigMomma.cpp">
      <Filter>Source Files\dlls\entities\npcs</Filter>
    </ClCompile>
    <ClCompile Include="..\..\dlls\entities\npcs\CBloater.cpp">
      <Filter>Source Files\dlls\entities\npcs</Filter>
    </ClCompile>
    <ClCompile Include="..\..\dlls\entities\npcs\CBMortar.cpp">
      <Filter>Source Files\dlls\entities\npcs</Filter>
    </ClCompile>
    <ClCompile Include="..\..\dlls\entities\npcs\CBullsquid.cpp">
      <Filter>Source Files\dlls\entities\npcs</Filter>
    </ClCompile>
    <ClCompile Include="..\..\dlls\entities\npcs\CController.cpp">
      <Filter>Source Files\dlls\entities\npcs</Filter>
    </ClCompile>
    <ClCompile Include="..\..\dlls\entities\npcs\CControllerHeadBall.cpp">
      <Filter>Source Files\dlls\entities\npcs</Filter>
    </ClCompile>
    <ClCompile Include="..\..\dlls\entities\npcs\CControllerZapBall.cpp">
      <Filter>Source Files\dlls\entities\npcs</Filter>
    </ClCompile>
    <ClCompile Include="..\..\dlls\entities\npcs\CDeadBarney.cpp">
      <Filter>Source Files\dlls\entities\npcs</Filter>
    </ClCompile>
    <ClCompile Include="..\..\dlls\entities\npcs\CDeadGenericMonster.cpp">
      <Filter>Source Files\dlls\entities\npcs</Filter>
    </ClCompile>
    <ClCompile Include="..\..\dlls\entities\npcs\CDeadHGrunt.cpp">
      <Filter>Source Files\dlls\entities\npcs</Filter>
    </ClCompile>
    <ClCompile Include="..\..\dlls\entities\npcs\CDeadScientist.cpp">
      <Filter>Source Files\dlls\entities\npcs</Filter>
    </ClCompile>
    <ClCompile Include="..\..\dlls\entities\npcs\CFlockingFlyer.cpp">
      <Filter>Source Files\dlls\entities\npcs</Filter>
    </ClCompile>
    <ClCompile Include="..\..\dlls\entities\npcs\CFlockingFlyerFlock.cpp">
      <Filter>Source Files\dlls\entities\npcs</Filter>
    </ClCompile>
    <ClCompile Include="..\..\dlls\entities\npcs\CGargantua.cpp">
      <Filter>Source Files\dlls\entities\npcs</Filter>
    </ClCompile>
    <ClCompile Include="..\..\dlls\entities\npcs\CGenericMonster.cpp">
      <Filter>Source Files\dlls\entities\npcs</Filter>
    </ClCompile>
    <ClCompile Include="..\..\dlls\entities\npcs\CGMan.cpp">
      <Filter>Source Files\dlls\entities\npcs</Filter>
    </ClCompile>
    <ClCompile Include="..\..\dlls\entities\npcs\CHAssassin.cpp">
      <Filter>Source Files\dlls\entities\npcs</Filter>
    </ClCompile>
    <ClCompile Include="..\..\dlls\entities\npcs\CHeadCrab.cpp">
      <Filter>Source Files\dlls\entities\npcs</Filter>
    </ClCompile>
    <ClCompile Include="..\..\dlls\entities\npcs\CHGrunt.cpp">
      <Filter>Source Files\dlls\entities\npcs</Filter>
    </ClCompile>
    <ClCompile Include="..\..\dlls\entities\npcs\CHGruntRepel.cpp">
      <Filter>Source Files\dlls\entities\npcs</Filter>
    </ClCompile>
    <ClCompile Include="..\..\dlls\entities\npcs\CHoundeye.cpp">
      <Filter>Source Files\dlls\entities\npcs</Filter>
    </ClCompile>
    <ClCompile Include="..\..\dlls\entities\npcs\CIchthyosaur.cpp">
      <Filter>Source Files\dlls\entities\npcs</Filter>
    </ClCompile>
    <ClCompile Include="..\..\dlls\entities\npcs\CInfoBM.cpp">
      <Filter>Source Files\dlls\entities\npcs</Filter>
    </ClCompile>
    <ClCompile Include="..\..\dlls\entities\npcs\CISlave.cpp">
      <Filter>Source Files\dlls\entities\npcs</Filter>
    </ClCompile>
    <ClCompile Include="..\..\dlls\entities\npcs\CLeech.cpp">
      <Filter>Source Files\dlls\entities\npcs</Filter>
    </ClCompile>
    <ClCompile Include="..\..\dlls\entities\npcs\CMiniTurret.cpp">
      <Filter>Source Files\dlls\entities\npcs</Filter>
    </ClCompile>
    <ClCompile Include="..\..\dlls\entities\npcs\CNihilanth.cpp">
      <Filter>Source Files\dlls\entities\npcs</Filter>
    </ClCompile>
    <ClCompile Include="..\..\dlls\entities\npcs\CNihilanthHVR.cpp">
      <Filter>Source Files\dlls\entities\npcs</Filter>
    </ClCompile>
    <ClCompile Include="..\..\dlls\entities\npcs\COsprey.cpp">
      <Filter>Source Files\dlls\entities\npcs</Filter>
    </ClCompile>
    <ClCompile Include="..\..\dlls\entities\npcs\CRat.cpp">
      <Filter>Source Files\dlls\entities\npcs</Filter>
    </ClCompile>
    <ClCompile Include="..\..\dlls\entities\npcs\CRoach.cpp">
      <Filter>Source Files\dlls\entities\npcs</Filter>
    </ClCompile>
    <ClCompile Include="..\..\dlls\entities\npcs\CScientist.cpp">
      <Filter>Source Files\dlls\entities\npcs</Filter>
    </ClCompile>
    <ClCompile Include="..\..\dlls\entities\npcs\CSentry.cpp">
      <Filter>Source Files\dlls\entities\npcs</Filter>
    </ClCompile>
    <ClCompile Include="..\..\dlls\entities\npcs\CSittingScientist.cpp">
      <Filter>Source Files\dlls\entities\npcs</Filter>
    </ClCompile>
    <ClCompile Include="..\..\dlls\entities\npcs\CSmoker.cpp">
      <Filter>Source Files\dlls\entities\npcs</Filter>
    </ClCompile>
    <ClCompile Include="..\..\dlls\entities\npcs\CSpiral.cpp">
      <Filter>Source Files\dlls\entities\npcs</Filter>
    </ClCompile>
    <ClCompile Include="..\..\dlls\entities\npcs\CSquidSpit.cpp">
      <Filter>Source Files\dlls\entities\npcs</Filter>
    </ClCompile>
    <ClCompile Include="..\..\dlls\entities\npcs\CStomp.cpp">
      <Filter>Source Files\dlls\entities\npcs</Filter>
    </ClCompile>
    <ClCompile Include="..\..\dlls\entities\npcs\CTentacle.cpp">
      <Filter>Source Files\dlls\entities\npcs</Filter>
    </ClCompile>
    <ClCompile Include="..\..\dlls\entities\npcs\CTentacleMaw.cpp">
      <Filter>Source Files\dlls\entities\npcs</Filter>
    </ClCompile>
    <ClCompile Include="..\..\dlls\entities\npcs\CTurret.cpp">
      <Filter>Source Files\dlls\entities\npcs</Filter>
    </ClCompile>
    <ClCompile Include="..\..\dlls\entities\npcs\CZombie.cpp">
      <Filter>Source Files\dlls\entities\npcs</Filter>
    </ClCompile>
    <ClCompile Include="..\..\dlls\entities\npcs\CHornet.cpp">
      <Filter>Source Files\dlls\entities\npcs</Filter>
    </ClCompile>
    <ClCompile Include="..\..\dlls\entities\base\CBaseDMStart.cpp">
      <Filter>Source Files\dlls\entities\base</Filter>
    </ClCompile>
    <ClCompile Include="..\..\dlls\entities\base\CFurniture.cpp">
      <Filter>Source Files\dlls\entities\base</Filter>
    </ClCompile>
    <ClCompile Include="..\..\dlls\entities\base\CInfoMoveWith.cpp">
      <Filter>Source Files\dlls\entities\base</Filter>
    </ClCompile>
    <ClCompile Include="..\..\dlls\entities\base\CMonsterTarget.cpp">
      <Filter>Source Files\dlls\entities\base</Filter>
    </ClCompile>
    <ClCompile Include="..\..\dlls\entities\base\CNullEntity.cpp">
      <Filter>Source Files\dlls\entities\base</Filter>
    </ClCompile>
    <ClCompile Include="..\..\dlls\entities\base\CPointEntity.cpp">
      <Filter>Source Files\dlls\entities\base</Filter>
    </ClCompile>
    <ClCompile Include="..\..\dlls\entities\base\CScriptedSentence.cpp">
      <Filter>Source Files\dlls\entities\base</Filter>
    </ClCompile>
    <ClCompile Include="..\..\dlls\entities\base\CWorld.cpp">
      <Filter>Source Files\dlls\entities\base</Filter>
    </ClCompile>
    <ClCompile Include="..\..\dlls\entities\base\CCineMonster.cpp">
      <Filter>Source Files\dlls\entities\base</Filter>
    </ClCompile>
    <ClCompile Include="..\..\dlls\entities\base\CSquadMonster.cpp">
      <Filter>Source Files\dlls\entities\base</Filter>
    </ClCompile>
    <ClCompile Include="..\..\dlls\entities\base\CTalkMonster.cpp">
      <Filter>Source Files\dlls\entities\base</Filter>
    </ClCompile>
    <ClCompile Include="..\..\dlls\entities\CBaseEntity.cpp">
      <Filter>Source Files\dlls\entities</Filter>
    </ClCompile>
    <ClCompile Include="..\..\dlls\entities\CBaseAnimating.cpp">
      <Filter>Source Files\dlls\entities</Filter>
    </ClCompile>
    <ClCompile Include="..\..\dlls\entities\CBaseDelay.cpp">
      <Filter>Source Files\dlls\entities</Filter>
    </ClCompile>
    <ClCompile Include="..\..\dlls\entities\CBaseMonster.cpp">
      <Filter>Source Files\dlls\entities</Filter>
    </ClCompile>
    <ClCompile Include="..\..\dlls\entities\CBaseMonster_schedule.cpp">
      <Filter>Source Files\dlls\entities</Filter>
    </ClCompile>
    <ClCompile Include="..\..\dlls\entities\CBaseMonster_scripted.cpp">
      <Filter>Source Files\dlls\entities</Filter>
    </ClCompile>
    <ClCompile Include="..\..\dlls\entities\CBaseToggle.cpp">
      <Filter>Source Files\dlls\entities</Filter>
    </ClCompile>
    <ClCompile Include="..\..\dlls\entities\base\CFlyingMonster.cpp">
      <Filter>Source Files\dlls\entities\base</Filter>
    </ClCompile>
    <ClCompile Include="..\..\dlls\entities\npcs\CGib.cpp">
      <Filter>Source Files\dlls\entities\npcs</Filter>
    </ClCompile>
    <ClCompile Include="..\..\dlls\entities\CBaseMonster_DefaultAI.cpp">
      <Filter>Source Files\dlls\entities</Filter>
    </ClCompile>
    <ClCompile Include="..\..\dlls\entities\CBaseMonster_Combat.cpp">
      <Filter>Source Files\dlls\entities</Filter>
    </ClCompile>
    <ClCompile Include="..\..\dlls\entities\CBaseMonster_State.cpp">
      <Filter>Source Files\dlls\entities</Filter>
    </ClCompile>
    <ClCompile Include="..\..\dlls\subs.cpp">
      <Filter>Source Files\dlls</Filter>
    </ClCompile>
    <ClCompile Include="..\..\dlls\weapons.cpp">
      <Filter>Source Files\dlls</Filter>
    </ClCompile>
  </ItemGroup>
  <ItemGroup>
    <ClInclude Include="..\..\dlls\doors.h">
      <Filter>Header Files\dlls</Filter>
    </ClInclude>
    <ClInclude Include="..\..\dlls\activity.h">
      <Filter>Header Files\dlls</Filter>
    </ClInclude>
    <ClInclude Include="..\..\dlls\activitymap.h">
      <Filter>Header Files\dlls</Filter>
    </ClInclude>
    <ClInclude Include="..\..\dlls\animation.h">
      <Filter>Header Files\dlls</Filter>
    </ClInclude>
    <ClInclude Include="..\..\dlls\cbase.h">
      <Filter>Header Files\dlls</Filter>
    </ClInclude>
    <ClInclude Include="..\..\dlls\cdll_dll.h">
      <Filter>Header Files\dlls</Filter>
    </ClInclude>
    <ClInclude Include="..\..\dlls\client.h">
      <Filter>Header Files\dlls</Filter>
    </ClInclude>
    <ClInclude Include="..\..\dlls\decals.h">
      <Filter>Header Files\dlls</Filter>
    </ClInclude>
    <ClInclude Include="..\..\dlls\defaultai.h">
      <Filter>Header Files\dlls</Filter>
    </ClInclude>
    <ClInclude Include="..\..\engine\eiface.h">
      <Filter>Header Files\engine</Filter>
    </ClInclude>
    <ClInclude Include="..\..\dlls\enginecallback.h">
      <Filter>Header Files\dlls</Filter>
    </ClInclude>
    <ClInclude Include="..\..\dlls\explode.h">
      <Filter>Header Files\dlls</Filter>
    </ClInclude>
    <ClInclude Include="..\..\dlls\extdll.h">
      <Filter>Header Files\dlls</Filter>
    </ClInclude>
    <ClInclude Include="..\..\dlls\gamerules.h">
      <Filter>Header Files\dlls</Filter>
    </ClInclude>
    <ClInclude Include="..\..\dlls\player.h">
      <Filter>Header Files\dlls</Filter>
    </ClInclude>
    <ClInclude Include="..\..\dlls\monsterevent.h">
      <Filter>Header Files\dlls</Filter>
    </ClInclude>
    <ClInclude Include="..\..\dlls\monsters.h">
      <Filter>Header Files\dlls</Filter>
    </ClInclude>
    <ClInclude Include="..\..\dlls\nodes.h">
      <Filter>Header Files\dlls</Filter>
    </ClInclude>
    <ClInclude Include="..\..\dlls\plane.h">
      <Filter>Header Files\dlls</Filter>
    </ClInclude>
    <ClInclude Include="..\..\pm_shared\pm_shared.h">
      <Filter>Header Files\pm_shared</Filter>
    </ClInclude>
    <ClInclude Include="..\..\pm_shared\pm_debug.h">
      <Filter>Header Files\pm_shared</Filter>
    </ClInclude>
    <ClInclude Include="..\..\pm_shared\pm_defs.h">
      <Filter>Header Files\pm_shared</Filter>
    </ClInclude>
    <ClInclude Include="..\..\pm_shared\pm_info.h">
      <Filter>Header Files\pm_shared</Filter>
    </ClInclude>
    <ClInclude Include="..\..\pm_shared\pm_materials.h">
      <Filter>Header Files\pm_shared</Filter>
    </ClInclude>
    <ClInclude Include="..\..\pm_shared\pm_movevars.h">
      <Filter>Header Files\pm_shared</Filter>
    </ClInclude>
    <ClInclude Include="..\..\dlls\weapons.h">
      <Filter>Header Files\dlls</Filter>
    </ClInclude>
    <ClInclude Include="..\..\dlls\saverestore.h">
      <Filter>Header Files\dlls</Filter>
    </ClInclude>
    <ClInclude Include="..\..\dlls\schedule.h">
      <Filter>Header Files\dlls</Filter>
    </ClInclude>
    <ClInclude Include="..\..\dlls\scripted.h">
      <Filter>Header Files\dlls</Filter>
    </ClInclude>
    <ClInclude Include="..\..\dlls\scriptevent.h">
      <Filter>Header Files\dlls</Filter>
    </ClInclude>
    <ClInclude Include="..\..\dlls\skill.h">
      <Filter>Header Files\dlls</Filter>
    </ClInclude>
    <ClInclude Include="..\..\dlls\spectator.h">
      <Filter>Header Files\dlls</Filter>
    </ClInclude>
    <ClInclude Include="..\..\dlls\teamplay_gamerules.h">
      <Filter>Header Files\dlls</Filter>
    </ClInclude>
    <ClInclude Include="..\..\dlls\trains.h">
      <Filter>Header Files\dlls</Filter>
    </ClInclude>
    <ClInclude Include="..\..\dlls\util.h">
      <Filter>Header Files\dlls</Filter>
    </ClInclude>
    <ClInclude Include="..\..\dlls\vector.h">
      <Filter>Header Files\dlls</Filter>
    </ClInclude>
    <ClInclude Include="..\..\common\Platform.h">
      <Filter>Header Files\common</Filter>
    </ClInclude>
    <ClInclude Include="..\..\dlls\movewith.h">
      <Filter>Header Files\dlls</Filter>
    </ClInclude>
    <ClInclude Include="..\..\dlls\locus.h">
      <Filter>Header Files\dlls</Filter>
    </ClInclude>
    <ClInclude Include="..\..\dlls\entities\brush\CFuncWall.h">
      <Filter>Header Files\dlls\entities\brush</Filter>
    </ClInclude>
    <ClInclude Include="..\..\dlls\entities\brush\CFuncWallToggle.h">
      <Filter>Header Files\dlls\entities\brush</Filter>
    </ClInclude>
    <ClInclude Include="..\..\dlls\entities\brush\CFuncConveyor.h">
      <Filter>Header Files\dlls\entities\brush</Filter>
    </ClInclude>
    <ClInclude Include="..\..\dlls\entities\brush\CFuncMonsterClip.h">
      <Filter>Header Files\dlls\entities\brush</Filter>
    </ClInclude>
    <ClInclude Include="..\..\dlls\entities\brush\CFuncShine.h">
      <Filter>Header Files\dlls\entities\brush</Filter>
    </ClInclude>
    <ClInclude Include="..\..\dlls\entities\brush\CFuncIllusionary.h">
      <Filter>Header Files\dlls\entities\brush</Filter>
    </ClInclude>
    <ClInclude Include="..\..\dlls\entities\brush\CFuncRotating.h">
      <Filter>Header Files\dlls\entities\brush</Filter>
    </ClInclude>
    <ClInclude Include="..\..\dlls\entities\brush\CPendulum.h">
      <Filter>Header Files\dlls\entities\brush</Filter>
    </ClInclude>
    <ClInclude Include="..\..\dlls\entities\brush\CEnvGlobal.h">
      <Filter>Header Files\dlls\entities\brush</Filter>
    </ClInclude>
    <ClInclude Include="..\..\dlls\entities\brush\CEnvState.h">
      <Filter>Header Files\dlls\entities\brush</Filter>
    </ClInclude>
    <ClInclude Include="..\..\dlls\entities\brush\CMultiSource.h">
      <Filter>Header Files\dlls\entities\brush</Filter>
    </ClInclude>
    <ClInclude Include="..\..\dlls\entities\brush\CBaseButton.h">
      <Filter>Header Files\dlls\entities\brush</Filter>
    </ClInclude>
    <ClInclude Include="..\..\dlls\entities\brush\CMomentaryRotButton.h">
      <Filter>Header Files\dlls\entities\brush</Filter>
    </ClInclude>
    <ClInclude Include="..\..\dlls\entities\brush\CEnvSpark.h">
      <Filter>Header Files\dlls\entities\brush</Filter>
    </ClInclude>
    <ClInclude Include="..\..\dlls\entities\brush\CButtonTarget.h">
      <Filter>Header Files\dlls\entities\brush</Filter>
    </ClInclude>
    <ClInclude Include="..\..\dlls\entities\brush\CRotButton.h">
      <Filter>Header Files\dlls\entities\brush</Filter>
    </ClInclude>
    <ClInclude Include="..\..\dlls\entities\brush\CMomentaryDoor.h">
      <Filter>Header Files\dlls\entities\brush</Filter>
    </ClInclude>
    <ClInclude Include="..\..\dlls\entities\brush\CRotDoor.h">
      <Filter>Header Files\dlls\entities\brush</Filter>
    </ClInclude>
    <ClInclude Include="..\..\dlls\entities\brush\CBaseDoor.h">
      <Filter>Header Files\dlls\entities\brush</Filter>
    </ClInclude>
    <ClInclude Include="..\..\dlls\entities\brush\CRecharge.h">
      <Filter>Header Files\dlls\entities\brush</Filter>
    </ClInclude>
    <ClInclude Include="..\..\dlls\entities\brush\CMortar.h">
      <Filter>Header Files\dlls\entities\brush</Filter>
    </ClInclude>
    <ClInclude Include="..\..\dlls\entities\brush\CFuncMortarField.h">
      <Filter>Header Files\dlls\entities\brush</Filter>
    </ClInclude>
    <ClInclude Include="..\..\dlls\entities\brush\CTrainSequence.h">
      <Filter>Header Files\dlls\entities\brush</Filter>
    </ClInclude>
    <ClInclude Include="..\..\dlls\entities\brush\CFuncTrain.h">
      <Filter>Header Files\dlls\entities\brush</Filter>
    </ClInclude>
    <ClInclude Include="..\..\dlls\entities\brush\CFuncTrackTrain.h">
      <Filter>Header Files\dlls\entities\brush</Filter>
    </ClInclude>
    <ClInclude Include="..\..\dlls\entities\brush\CPathTrack.h">
      <Filter>Header Files\dlls\entities\brush</Filter>
    </ClInclude>
    <ClInclude Include="..\..\dlls\entities\brush\CBasePlatTrain.h">
      <Filter>Header Files\dlls\entities\brush</Filter>
    </ClInclude>
    <ClInclude Include="..\..\dlls\entities\brush\CFuncPlat.h">
      <Filter>Header Files\dlls\entities\brush</Filter>
    </ClInclude>
    <ClInclude Include="..\..\dlls\entities\brush\CPlatTrigger.h">
      <Filter>Header Files\dlls\entities\brush</Filter>
    </ClInclude>
    <ClInclude Include="..\..\dlls\entities\brush\CFuncTrainControls.h">
      <Filter>Header Files\dlls\entities\brush</Filter>
    </ClInclude>
    <ClInclude Include="..\..\dlls\entities\brush\CFuncTrackChange.h">
      <Filter>Header Files\dlls\entities\brush</Filter>
    </ClInclude>
    <ClInclude Include="..\..\dlls\entities\brush\CFuncPlatRot.h">
      <Filter>Header Files\dlls\entities\brush</Filter>
    </ClInclude>
    <ClInclude Include="..\..\dlls\entities\brush\CFuncTrackAuto.h">
      <Filter>Header Files\dlls\entities\brush</Filter>
    </ClInclude>
    <ClInclude Include="..\..\dlls\entities\brush\CGunTarget.h">
      <Filter>Header Files\dlls\entities\brush</Filter>
    </ClInclude>
    <ClInclude Include="..\..\dlls\entities\brush\CBreakable.h">
      <Filter>Header Files\dlls\entities\brush</Filter>
    </ClInclude>
    <ClInclude Include="..\..\dlls\entities\brush\CPushable.h">
      <Filter>Header Files\dlls\entities\brush</Filter>
    </ClInclude>
    <ClInclude Include="..\..\dlls\entities\brush\CFuncTank.h">
      <Filter>Header Files\dlls\entities\brush</Filter>
    </ClInclude>
    <ClInclude Include="..\..\dlls\entities\brush\CTankSequence.h">
      <Filter>Header Files\dlls\entities\brush</Filter>
    </ClInclude>
    <ClInclude Include="..\..\dlls\entities\brush\CFuncTankControls.h">
      <Filter>Header Files\dlls\entities\brush</Filter>
    </ClInclude>
    <ClInclude Include="..\..\dlls\entities\brush\CFuncTankGun.h">
      <Filter>Header Files\dlls\entities\brush</Filter>
    </ClInclude>
    <ClInclude Include="..\..\dlls\entities\brush\CFuncTankLaser.h">
      <Filter>Header Files\dlls\entities\brush</Filter>
    </ClInclude>
    <ClInclude Include="..\..\dlls\entities\brush\CFuncTankRocket.h">
      <Filter>Header Files\dlls\entities\brush</Filter>
    </ClInclude>
    <ClInclude Include="..\..\dlls\entities\brush\CFuncTankMortar.h">
      <Filter>Header Files\dlls\entities\brush</Filter>
    </ClInclude>
    <ClInclude Include="..\..\dlls\entities\effects\CBlood.h">
      <Filter>Header Files\dlls\entities\effects</Filter>
    </ClInclude>
    <ClInclude Include="..\..\dlls\entities\effects\CBubbling.h">
      <Filter>Header Files\dlls\entities\effects</Filter>
    </ClInclude>
    <ClInclude Include="..\..\dlls\entities\effects\CEnvBeamTrail.h">
      <Filter>Header Files\dlls\entities\effects</Filter>
    </ClInclude>
    <ClInclude Include="..\..\dlls\entities\effects\CEnvBeverage.h">
      <Filter>Header Files\dlls\entities\effects</Filter>
    </ClInclude>
    <ClInclude Include="..\..\dlls\entities\effects\CEnvDecal.h">
      <Filter>Header Files\dlls\entities\effects</Filter>
    </ClInclude>
    <ClInclude Include="..\..\dlls\entities\effects\CEnvDLight.h">
      <Filter>Header Files\dlls\entities\effects</Filter>
    </ClInclude>
    <ClInclude Include="..\..\dlls\entities\effects\CEnvELight.h">
      <Filter>Header Files\dlls\entities\effects</Filter>
    </ClInclude>
    <ClInclude Include="..\..\dlls\entities\effects\CEnvFog.h">
      <Filter>Header Files\dlls\entities\effects</Filter>
    </ClInclude>
    <ClInclude Include="..\..\dlls\entities\effects\CEnvFootsteps.h">
      <Filter>Header Files\dlls\entities\effects</Filter>
    </ClInclude>
    <ClInclude Include="..\..\dlls\entities\effects\CEnvFunnel.h">
      <Filter>Header Files\dlls\entities\effects</Filter>
    </ClInclude>
    <ClInclude Include="..\..\dlls\entities\effects\CEnvMirror.h">
      <Filter>Header Files\dlls\entities\effects</Filter>
    </ClInclude>
    <ClInclude Include="..\..\dlls\entities\effects\CEnvModel.h">
      <Filter>Header Files\dlls\entities\effects</Filter>
    </ClInclude>
    <ClInclude Include="..\..\dlls\entities\effects\CEnvQuakeFx.h">
      <Filter>Header Files\dlls\entities\effects</Filter>
    </ClInclude>
    <ClInclude Include="..\..\dlls\entities\effects\CEnvRain.h">
      <Filter>Header Files\dlls\entities\effects</Filter>
    </ClInclude>
    <ClInclude Include="..\..\dlls\entities\effects\CEnvShockwave.h">
      <Filter>Header Files\dlls\entities\effects</Filter>
    </ClInclude>
    <ClInclude Include="..\..\dlls\entities\effects\CEnvShooter.h">
      <Filter>Header Files\dlls\entities\effects</Filter>
    </ClInclude>
    <ClInclude Include="..\..\dlls\entities\effects\CEnvSky.h">
      <Filter>Header Files\dlls\entities\effects</Filter>
    </ClInclude>
    <ClInclude Include="..\..\dlls\entities\effects\CEnvWarpBall.h">
      <Filter>Header Files\dlls\entities\effects</Filter>
    </ClInclude>
    <ClInclude Include="..\..\dlls\entities\effects\CFade.h">
      <Filter>Header Files\dlls\entities\effects</Filter>
    </ClInclude>
    <ClInclude Include="..\..\dlls\entities\effects\CGibShooter.h">
      <Filter>Header Files\dlls\entities\effects</Filter>
    </ClInclude>
    <ClInclude Include="..\..\dlls\entities\effects\CGlow.h">
      <Filter>Header Files\dlls\entities\effects</Filter>
    </ClInclude>
    <ClInclude Include="..\..\dlls\entities\effects\CInfoTarget.h">
      <Filter>Header Files\dlls\entities\effects</Filter>
    </ClInclude>
    <ClInclude Include="..\..\dlls\entities\effects\CItemSoda.h">
      <Filter>Header Files\dlls\entities\effects</Filter>
    </ClInclude>
    <ClInclude Include="..\..\dlls\entities\effects\CLightning.h">
      <Filter>Header Files\dlls\entities\effects</Filter>
    </ClInclude>
    <ClInclude Include="..\..\dlls\entities\effects\CMessage.h">
      <Filter>Header Files\dlls\entities\effects</Filter>
    </ClInclude>
    <ClInclude Include="..\..\dlls\entities\effects\CParticle.h">
      <Filter>Header Files\dlls\entities\effects</Filter>
    </ClInclude>
    <ClInclude Include="..\..\dlls\entities\effects\CShake.h">
      <Filter>Header Files\dlls\entities\effects</Filter>
    </ClInclude>
    <ClInclude Include="..\..\dlls\entities\effects\CShot.h">
      <Filter>Header Files\dlls\entities\effects</Filter>
    </ClInclude>
    <ClInclude Include="..\..\dlls\entities\effects\CTestEffect.h">
      <Filter>Header Files\dlls\entities\effects</Filter>
    </ClInclude>
    <ClInclude Include="..\..\dlls\entities\effects\CTripBeam.h">
      <Filter>Header Files\dlls\entities\effects</Filter>
    </ClInclude>
    <ClInclude Include="..\..\dlls\entities\effects\CBeam.h">
      <Filter>Header Files\dlls\entities\effects</Filter>
    </ClInclude>
    <ClInclude Include="..\..\dlls\entities\effects\CLaser.h">
      <Filter>Header Files\dlls\entities\effects</Filter>
    </ClInclude>
    <ClInclude Include="..\..\dlls\entities\effects\CRainModify.h">
      <Filter>Header Files\dlls\entities\effects</Filter>
    </ClInclude>
    <ClInclude Include="..\..\dlls\entities\effects\CRainSettings.h">
      <Filter>Header Files\dlls\entities\effects</Filter>
    </ClInclude>
    <ClInclude Include="..\..\dlls\entities\effects\CSprite.h">
      <Filter>Header Files\dlls\entities\effects</Filter>
    </ClInclude>
    <ClInclude Include="..\..\dlls\entities\effects\CEnvExplosion.h">
      <Filter>Header Files\dlls\entities\effects</Filter>
    </ClInclude>
    <ClInclude Include="..\..\dlls\entities\effects\CShower.h">
      <Filter>Header Files\dlls\entities\effects</Filter>
    </ClInclude>
    <ClInclude Include="..\..\dlls\entities\effects\CEnvLight.h">
      <Filter>Header Files\dlls\entities\effects</Filter>
    </ClInclude>
    <ClInclude Include="..\..\dlls\entities\effects\CLight.h">
      <Filter>Header Files\dlls\entities\effects</Filter>
    </ClInclude>
    <ClInclude Include="..\..\dlls\entities\effects\CLightDynamic.h">
      <Filter>Header Files\dlls\entities\effects</Filter>
    </ClInclude>
    <ClInclude Include="..\..\dlls\entities\effects\CLightFader.h">
      <Filter>Header Files\dlls\entities\effects</Filter>
    </ClInclude>
    <ClInclude Include="..\..\dlls\entities\effects\CTriggerLightstyle.h">
      <Filter>Header Files\dlls\entities\effects</Filter>
    </ClInclude>
    <ClInclude Include="..\..\dlls\entities\effects\CAmbientGeneric.h">
      <Filter>Header Files\dlls\entities\effects</Filter>
    </ClInclude>
    <ClInclude Include="..\..\dlls\entities\effects\CEnvSound.h">
      <Filter>Header Files\dlls\entities\effects</Filter>
    </ClInclude>
    <ClInclude Include="..\..\dlls\entities\effects\CSpeaker.h">
      <Filter>Header Files\dlls\entities\effects</Filter>
    </ClInclude>
    <ClInclude Include="..\..\dlls\entities\effects\CTriggerSound.h">
      <Filter>Header Files\dlls\entities\effects</Filter>
    </ClInclude>
    <ClInclude Include="..\..\dlls\entities\effects\CSoundEnt.h">
      <Filter>Header Files\dlls\entities\effects</Filter>
    </ClInclude>
    <ClInclude Include="..\..\dlls\CSound.h">
      <Filter>Header Files\dlls</Filter>
    </ClInclude>
    <ClInclude Include="..\..\dlls\entities\effects\CCycler.h">
      <Filter>Header Files\dlls\entities\effects</Filter>
    </ClInclude>
    <ClInclude Include="..\..\dlls\entities\effects\CCyclerProbe.h">
      <Filter>Header Files\dlls\entities\effects</Filter>
    </ClInclude>
    <ClInclude Include="..\..\dlls\entities\effects\CCyclerSprite.h">
      <Filter>Header Files\dlls\entities\effects</Filter>
    </ClInclude>
    <ClInclude Include="..\..\dlls\entities\effects\CGenericCycler.h">
      <Filter>Header Files\dlls\entities\effects</Filter>
    </ClInclude>
    <ClInclude Include="..\..\dlls\entities\effects\CWeaponCycler.h">
      <Filter>Header Files\dlls\entities\effects</Filter>
    </ClInclude>
    <ClInclude Include="..\..\dlls\entities\effects\CWreckage.h">
      <Filter>Header Files\dlls\entities\effects</Filter>
    </ClInclude>
    <ClInclude Include="..\..\dlls\entities\triggers\CAutoTrigger.h">
      <Filter>Header Files\dlls\entities\triggers</Filter>
    </ClInclude>
    <ClInclude Include="..\..\dlls\entities\triggers\CBaseTrigger.h">
      <Filter>Header Files\dlls\entities\triggers</Filter>
    </ClInclude>
    <ClInclude Include="..\..\dlls\entities\triggers\CChangeLevel.h">
      <Filter>Header Files\dlls\entities\triggers</Filter>
    </ClInclude>
    <ClInclude Include="..\..\dlls\entities\triggers\CEnvCustomize.h">
      <Filter>Header Files\dlls\entities\triggers</Filter>
    </ClInclude>
    <ClInclude Include="..\..\dlls\entities\triggers\CFireAndDie.h">
      <Filter>Header Files\dlls\entities\triggers</Filter>
    </ClInclude>
    <ClInclude Include="..\..\dlls\entities\triggers\CFrictionModifier.h">
      <Filter>Header Files\dlls\entities\triggers</Filter>
    </ClInclude>
    <ClInclude Include="..\..\dlls\entities\triggers\CInOutRegister.h">
      <Filter>Header Files\dlls\entities\triggers</Filter>
    </ClInclude>
    <ClInclude Include="..\..\dlls\entities\triggers\CLadder.h">
      <Filter>Header Files\dlls\entities\triggers</Filter>
    </ClInclude>
    <ClInclude Include="..\..\dlls\entities\triggers\CMotionManager.h">
      <Filter>Header Files\dlls\entities\triggers</Filter>
    </ClInclude>
    <ClInclude Include="..\..\dlls\entities\triggers\CMotionThread.h">
      <Filter>Header Files\dlls\entities\triggers</Filter>
    </ClInclude>
    <ClInclude Include="..\..\dlls\entities\triggers\CRenderFxFader.h">
      <Filter>Header Files\dlls\entities\triggers</Filter>
    </ClInclude>
    <ClInclude Include="..\..\dlls\entities\triggers\CRenderFxManager.h">
      <Filter>Header Files\dlls\entities\triggers</Filter>
    </ClInclude>
    <ClInclude Include="..\..\dlls\entities\triggers\CStateWatcher.h">
      <Filter>Header Files\dlls\entities\triggers</Filter>
    </ClInclude>
    <ClInclude Include="..\..\dlls\entities\triggers\CTargetCDAudio.h">
      <Filter>Header Files\dlls\entities\triggers</Filter>
    </ClInclude>
    <ClInclude Include="..\..\dlls\entities\triggers\CTargetFMODAudio.h">
      <Filter>Header Files\dlls\entities\triggers</Filter>
    </ClInclude>
    <ClInclude Include="..\..\dlls\entities\triggers\CTriggerBounce.h">
      <Filter>Header Files\dlls\entities\triggers</Filter>
    </ClInclude>
    <ClInclude Include="..\..\dlls\entities\triggers\CTriggerCamera.h">
      <Filter>Header Files\dlls\entities\triggers</Filter>
    </ClInclude>
    <ClInclude Include="..\..\dlls\entities\triggers\CTriggerCDAudio.h">
      <Filter>Header Files\dlls\entities\triggers</Filter>
    </ClInclude>
    <ClInclude Include="..\..\dlls\entities\triggers\CTriggerChangeCVar.h">
      <Filter>Header Files\dlls\entities\triggers</Filter>
    </ClInclude>
    <ClInclude Include="..\..\dlls\entities\triggers\CTriggerChangeTarget.h">
      <Filter>Header Files\dlls\entities\triggers</Filter>
    </ClInclude>
    <ClInclude Include="..\..\dlls\entities\triggers\CTriggerChangeValue.h">
      <Filter>Header Files\dlls\entities\triggers</Filter>
    </ClInclude>
    <ClInclude Include="..\..\dlls\entities\triggers\CTriggerCommand.h">
      <Filter>Header Files\dlls\entities\triggers</Filter>
    </ClInclude>
    <ClInclude Include="..\..\dlls\entities\triggers\CTriggerCounter.h">
      <Filter>Header Files\dlls\entities\triggers</Filter>
    </ClInclude>
    <ClInclude Include="..\..\dlls\entities\triggers\CTriggerEndSection.h">
      <Filter>Header Files\dlls\entities\triggers</Filter>
    </ClInclude>
    <ClInclude Include="..\..\dlls\entities\triggers\CTriggerGravity.h">
      <Filter>Header Files\dlls\entities\triggers</Filter>
    </ClInclude>
    <ClInclude Include="..\..\dlls\entities\triggers\CTriggerHevCharge.h">
      <Filter>Header Files\dlls\entities\triggers</Filter>
    </ClInclude>
    <ClInclude Include="..\..\dlls\entities\triggers\CTriggerHurt.h">
      <Filter>Header Files\dlls\entities\triggers</Filter>
    </ClInclude>
    <ClInclude Include="..\..\dlls\entities\triggers\CTriggerInOut.h">
      <Filter>Header Files\dlls\entities\triggers</Filter>
    </ClInclude>
    <ClInclude Include="..\..\dlls\entities\triggers\CTriggerMonsterJump.h">
      <Filter>Header Files\dlls\entities\triggers</Filter>
    </ClInclude>
    <ClInclude Include="..\..\dlls\entities\triggers\CTriggerMotion.h">
      <Filter>Header Files\dlls\entities\triggers</Filter>
    </ClInclude>
    <ClInclude Include="..\..\dlls\entities\triggers\CTriggerMultiple.h">
      <Filter>Header Files\dlls\entities\triggers</Filter>
    </ClInclude>
    <ClInclude Include="..\..\dlls\entities\triggers\CTriggerOnce.h">
      <Filter>Header Files\dlls\entities\triggers</Filter>
    </ClInclude>
    <ClInclude Include="..\..\dlls\entities\triggers\CTriggerOnSight.h">
      <Filter>Header Files\dlls\entities\triggers</Filter>
    </ClInclude>
    <ClInclude Include="..\..\dlls\entities\triggers\CTriggerPush.h">
      <Filter>Header Files\dlls\entities\triggers</Filter>
    </ClInclude>
    <ClInclude Include="..\..\dlls\entities\triggers\CTriggerRelay.h">
      <Filter>Header Files\dlls\entities\triggers</Filter>
    </ClInclude>
    <ClInclude Include="..\..\dlls\entities\triggers\CTriggerRotTest.h">
      <Filter>Header Files\dlls\entities\triggers</Filter>
    </ClInclude>
    <ClInclude Include="..\..\dlls\entities\triggers\CTriggerSave.h">
      <Filter>Header Files\dlls\entities\triggers</Filter>
    </ClInclude>
    <ClInclude Include="..\..\dlls\entities\triggers\CTriggerSetPatrol.h">
      <Filter>Header Files\dlls\entities\triggers</Filter>
    </ClInclude>
    <ClInclude Include="..\..\dlls\entities\triggers\CTriggerTeleport.h">
      <Filter>Header Files\dlls\entities\triggers</Filter>
    </ClInclude>
    <ClInclude Include="..\..\dlls\entities\triggers\CWatcherRatio.h">
      <Filter>Header Files\dlls\entities\triggers</Filter>
    </ClInclude>
    <ClInclude Include="..\..\dlls\entities\triggers\CMultiManager.h">
      <Filter>Header Files\dlls\entities\triggers</Filter>
    </ClInclude>
    <ClInclude Include="..\..\dlls\entities\triggers\CTriggerVolume.h">
      <Filter>Header Files\dlls\entities\triggers</Filter>
    </ClInclude>
    <ClInclude Include="..\..\dlls\entities\triggers\CWatcherCount.h">
      <Filter>Header Files\dlls\entities\triggers</Filter>
    </ClInclude>
    <ClInclude Include="..\..\dlls\entities\weapons\CBasePlayerAmmo.h">
      <Filter>Header Files\dlls\entities\weapons</Filter>
    </ClInclude>
    <ClInclude Include="..\..\dlls\entities\weapons\CBasePlayerItem.h">
      <Filter>Header Files\dlls\entities\weapons</Filter>
    </ClInclude>
    <ClInclude Include="..\..\dlls\entities\weapons\CBasePlayerWeapon.h">
      <Filter>Header Files\dlls\entities\weapons</Filter>
    </ClInclude>
    <ClInclude Include="..\..\dlls\entities\weapons\CCrossbow.h">
      <Filter>Header Files\dlls\entities\weapons</Filter>
    </ClInclude>
    <ClInclude Include="..\..\dlls\entities\weapons\CCrowbar.h">
      <Filter>Header Files\dlls\entities\weapons</Filter>
    </ClInclude>
    <ClInclude Include="..\..\dlls\entities\weapons\CEgon.h">
      <Filter>Header Files\dlls\entities\weapons</Filter>
    </ClInclude>
    <ClInclude Include="..\..\dlls\entities\weapons\CGauss.h">
      <Filter>Header Files\dlls\entities\weapons</Filter>
    </ClInclude>
    <ClInclude Include="..\..\dlls\entities\weapons\CGlock.h">
      <Filter>Header Files\dlls\entities\weapons</Filter>
    </ClInclude>
    <ClInclude Include="..\..\dlls\entities\weapons\CGrenade.h">
      <Filter>Header Files\dlls\entities\weapons</Filter>
    </ClInclude>
    <ClInclude Include="..\..\dlls\entities\weapons\CHandGrenade.h">
      <Filter>Header Files\dlls\entities\weapons</Filter>
    </ClInclude>
    <ClInclude Include="..\..\dlls\entities\weapons\CHgun.h">
      <Filter>Header Files\dlls\entities\weapons</Filter>
    </ClInclude>
    <ClInclude Include="..\..\dlls\entities\weapons\CLaserSpot.h">
      <Filter>Header Files\dlls\entities\weapons</Filter>
    </ClInclude>
    <ClInclude Include="..\..\dlls\entities\weapons\CMP5.h">
      <Filter>Header Files\dlls\entities\weapons</Filter>
    </ClInclude>
    <ClInclude Include="..\..\dlls\entities\weapons\CPython.h">
      <Filter>Header Files\dlls\entities\weapons</Filter>
    </ClInclude>
    <ClInclude Include="..\..\dlls\entities\weapons\CRpg.h">
      <Filter>Header Files\dlls\entities\weapons</Filter>
    </ClInclude>
    <ClInclude Include="..\..\dlls\entities\weapons\CRpgRocket.h">
      <Filter>Header Files\dlls\entities\weapons</Filter>
    </ClInclude>
    <ClInclude Include="..\..\dlls\entities\weapons\CSatchel.h">
      <Filter>Header Files\dlls\entities\weapons</Filter>
    </ClInclude>
    <ClInclude Include="..\..\dlls\entities\weapons\CShotgun.h">
      <Filter>Header Files\dlls\entities\weapons</Filter>
    </ClInclude>
    <ClInclude Include="..\..\dlls\entities\weapons\CSqueak.h">
      <Filter>Header Files\dlls\entities\weapons</Filter>
    </ClInclude>
    <ClInclude Include="..\..\dlls\entities\weapons\CTripmine.h">
      <Filter>Header Files\dlls\entities\weapons</Filter>
    </ClInclude>
    <ClInclude Include="..\..\dlls\entities\weapons\CWeaponBox.h">
      <Filter>Header Files\dlls\entities\weapons</Filter>
    </ClInclude>
    <ClInclude Include="..\..\dlls\entities\weapons\CWpnGeneric.h">
      <Filter>Header Files\dlls\entities\weapons</Filter>
    </ClInclude>
    <ClInclude Include="..\..\dlls\entities\weapons\CCrossbowBolt.h">
      <Filter>Header Files\dlls\entities\weapons</Filter>
    </ClInclude>
    <ClInclude Include="..\..\dlls\entities\weapons\CSatchelCharge.h">
      <Filter>Header Files\dlls\entities\weapons</Filter>
    </ClInclude>
    <ClInclude Include="..\..\dlls\entities\weapons\CDebugger.h">
      <Filter>Header Files\dlls\entities\weapons</Filter>
    </ClInclude>
    <ClInclude Include="..\..\dlls\entities\weapons\CTripmineGrenade.h">
      <Filter>Header Files\dlls\entities\weapons</Filter>
    </ClInclude>
    <ClInclude Include="..\..\dlls\entities\weapons\CSqueakGrenade.h">
      <Filter>Header Files\dlls\entities\weapons</Filter>
    </ClInclude>
    <ClInclude Include="..\..\dlls\entities\point\CMark.h">
      <Filter>Header Files\dlls\entities\point</Filter>
    </ClInclude>
    <ClInclude Include="..\..\dlls\entities\point\CLocusAlias.h">
      <Filter>Header Files\dlls\entities\point</Filter>
    </ClInclude>
    <ClInclude Include="..\..\dlls\entities\point\CLocusBeam.h">
      <Filter>Header Files\dlls\entities\point</Filter>
    </ClInclude>
    <ClInclude Include="..\..\dlls\entities\point\CCalcAngles.h">
      <Filter>Header Files\dlls\entities\point</Filter>
    </ClInclude>
    <ClInclude Include="..\..\dlls\entities\point\CCalcFallback.h">
      <Filter>Header Files\dlls\entities\point</Filter>
    </ClInclude>
    <ClInclude Include="..\..\dlls\entities\point\CCalcFromCVar.h">
      <Filter>Header Files\dlls\entities\point</Filter>
    </ClInclude>
    <ClInclude Include="..\..\dlls\entities\point\CCalcNumFromEnt.h">
      <Filter>Header Files\dlls\entities\point</Filter>
    </ClInclude>
    <ClInclude Include="..\..\dlls\entities\point\CCalcNumFromNum.h">
      <Filter>Header Files\dlls\entities\point</Filter>
    </ClInclude>
    <ClInclude Include="..\..\dlls\entities\point\CCalcNumFromVec.h">
      <Filter>Header Files\dlls\entities\point</Filter>
    </ClInclude>
    <ClInclude Include="..\..\dlls\entities\point\CCalcPosition.h">
      <Filter>Header Files\dlls\entities\point</Filter>
    </ClInclude>
    <ClInclude Include="..\..\dlls\entities\point\CCalcSubVelocity.h">
      <Filter>Header Files\dlls\entities\point</Filter>
    </ClInclude>
    <ClInclude Include="..\..\dlls\entities\point\CCalcVelocityPath.h">
      <Filter>Header Files\dlls\entities\point</Filter>
    </ClInclude>
    <ClInclude Include="..\..\dlls\entities\point\CCalcVelocityPolar.h">
      <Filter>Header Files\dlls\entities\point</Filter>
    </ClInclude>
    <ClInclude Include="..\..\dlls\entities\point\CLocusVariable.h">
      <Filter>Header Files\dlls\entities\point</Filter>
    </ClInclude>
    <ClInclude Include="..\..\dlls\entities\point\CGameCounter.h">
      <Filter>Header Files\dlls\entities\point</Filter>
    </ClInclude>
    <ClInclude Include="..\..\dlls\entities\point\CGameCounterSet.h">
      <Filter>Header Files\dlls\entities\point</Filter>
    </ClInclude>
    <ClInclude Include="..\..\dlls\entities\point\CGameEnd.h">
      <Filter>Header Files\dlls\entities\point</Filter>
    </ClInclude>
    <ClInclude Include="..\..\dlls\entities\point\CGamePlayerEquip.h">
      <Filter>Header Files\dlls\entities\point</Filter>
    </ClInclude>
    <ClInclude Include="..\..\dlls\entities\point\CGamePlayerHurt.h">
      <Filter>Header Files\dlls\entities\point</Filter>
    </ClInclude>
    <ClInclude Include="..\..\dlls\entities\point\CGamePlayerTeam.h">
      <Filter>Header Files\dlls\entities\point</Filter>
    </ClInclude>
    <ClInclude Include="..\..\dlls\entities\point\CGamePlayerZone.h">
      <Filter>Header Files\dlls\entities\point</Filter>
    </ClInclude>
    <ClInclude Include="..\..\dlls\entities\point\CGameScore.h">
      <Filter>Header Files\dlls\entities\point</Filter>
    </ClInclude>
    <ClInclude Include="..\..\dlls\entities\point\CGameTeamMaster.h">
      <Filter>Header Files\dlls\entities\point</Filter>
    </ClInclude>
    <ClInclude Include="..\..\dlls\entities\point\CGameTeamSet.h">
      <Filter>Header Files\dlls\entities\point</Filter>
    </ClInclude>
    <ClInclude Include="..\..\dlls\entities\point\CGameText.h">
      <Filter>Header Files\dlls\entities\point</Filter>
    </ClInclude>
    <ClInclude Include="..\..\dlls\entities\point\CRuleBrushEntity.h">
      <Filter>Header Files\dlls\entities\point</Filter>
    </ClInclude>
    <ClInclude Include="..\..\dlls\entities\point\CRuleEntity.h">
      <Filter>Header Files\dlls\entities\point</Filter>
    </ClInclude>
    <ClInclude Include="..\..\dlls\entities\point\CRulePointEntity.h">
      <Filter>Header Files\dlls\entities\point</Filter>
    </ClInclude>
    <ClInclude Include="..\..\dlls\entities\point\CMonsterMaker.h">
      <Filter>Header Files\dlls\entities\point</Filter>
    </ClInclude>
    <ClInclude Include="..\..\dlls\entities\point\CPathCorner.h">
      <Filter>Header Files\dlls\entities\point</Filter>
    </ClInclude>
    <ClInclude Include="..\..\dlls\entities\point\CActAnimating.h">
      <Filter>Header Files\dlls\entities\point</Filter>
    </ClInclude>
    <ClInclude Include="..\..\dlls\entities\point\CXenHair.h">
      <Filter>Header Files\dlls\entities\point</Filter>
    </ClInclude>
    <ClInclude Include="..\..\dlls\entities\point\CXenHull.h">
      <Filter>Header Files\dlls\entities\point</Filter>
    </ClInclude>
    <ClInclude Include="..\..\dlls\entities\point\CXenPLight.h">
      <Filter>Header Files\dlls\entities\point</Filter>
    </ClInclude>
    <ClInclude Include="..\..\dlls\entities\point\CXenSpore.h">
      <Filter>Header Files\dlls\entities\point</Filter>
    </ClInclude>
    <ClInclude Include="..\..\dlls\entities\point\CXenSporeLarge.h">
      <Filter>Header Files\dlls\entities\point</Filter>
    </ClInclude>
    <ClInclude Include="..\..\dlls\entities\point\CXenSporeMed.h">
      <Filter>Header Files\dlls\entities\point</Filter>
    </ClInclude>
    <ClInclude Include="..\..\dlls\entities\point\CXenSporeSmall.h">
      <Filter>Header Files\dlls\entities\point</Filter>
    </ClInclude>
    <ClInclude Include="..\..\dlls\entities\point\CXenTree.h">
      <Filter>Header Files\dlls\entities\point</Filter>
    </ClInclude>
    <ClInclude Include="..\..\dlls\entities\point\CXenTreeTrigger.h">
      <Filter>Header Files\dlls\entities\point</Filter>
    </ClInclude>
    <ClInclude Include="..\..\dlls\entities\point\CTriggerChangeAlias.h">
      <Filter>Header Files\dlls\entities\point</Filter>
    </ClInclude>
    <ClInclude Include="..\..\dlls\entities\point\CBaseMutableAlias.h">
      <Filter>Header Files\dlls\entities\point</Filter>
    </ClInclude>
    <ClInclude Include="..\..\dlls\entities\point\CInfoAlias.h">
      <Filter>Header Files\dlls\entities\point</Filter>
    </ClInclude>
    <ClInclude Include="..\..\dlls\entities\point\CInfoGroup.h">
      <Filter>Header Files\dlls\entities\point</Filter>
    </ClInclude>
    <ClInclude Include="..\..\dlls\entities\point\CMultiAlias.h">
      <Filter>Header Files\dlls\entities\point</Filter>
    </ClInclude>
    <ClInclude Include="..\..\dlls\entities\items\CAirtank.h">
      <Filter>Header Files\dlls\entities\items</Filter>
    </ClInclude>
    <ClInclude Include="..\..\dlls\entities\items\CHealthKit.h">
      <Filter>Header Files\dlls\entities\items</Filter>
    </ClInclude>
    <ClInclude Include="..\..\dlls\entities\items\CItemBattery.h">
      <Filter>Header Files\dlls\entities\items</Filter>
    </ClInclude>
    <ClInclude Include="..\..\dlls\entities\items\CItemLongJump.h">
      <Filter>Header Files\dlls\entities\items</Filter>
    </ClInclude>
    <ClInclude Include="..\..\dlls\entities\items\CItemSecurity.h">
      <Filter>Header Files\dlls\entities\items</Filter>
    </ClInclude>
    <ClInclude Include="..\..\dlls\entities\items\CItemSuit.h">
      <Filter>Header Files\dlls\entities\items</Filter>
    </ClInclude>
    <ClInclude Include="..\..\dlls\entities\items\CWallHealth.h">
      <Filter>Header Files\dlls\entities\items</Filter>
    </ClInclude>
    <ClInclude Include="..\..\dlls\entities\items\CWorldItem.h">
      <Filter>Header Files\dlls\entities\items</Filter>
    </ClInclude>
    <ClInclude Include="..\..\dlls\entities\items\CItem.h">
      <Filter>Header Files\dlls\entities\items</Filter>
    </ClInclude>
    <ClInclude Include="..\..\dlls\entities\items\CItemAntidote.h">
      <Filter>Header Files\dlls\entities\items</Filter>
    </ClInclude>
    <ClInclude Include="..\..\dlls\entities\items\CItemAntiRad.h">
      <Filter>Header Files\dlls\entities\items</Filter>
    </ClInclude>
    <ClInclude Include="..\..\dlls\entities\items\CItemCamera.h">
      <Filter>Header Files\dlls\entities\items</Filter>
    </ClInclude>
    <ClInclude Include="..\..\dlls\entities\items\CItemFlare.h">
      <Filter>Header Files\dlls\entities\items</Filter>
    </ClInclude>
    <ClInclude Include="..\..\dlls\entities\items\CItemMedicalKit.h">
      <Filter>Header Files\dlls\entities\items</Filter>
    </ClInclude>
    <ClInclude Include="..\..\dlls\entities\npcs\CAGrunt.h">
      <Filter>Header Files\dlls\entities\npcs</Filter>
    </ClInclude>
    <ClInclude Include="..\..\dlls\entities\npcs\CApache.h">
      <Filter>Header Files\dlls\entities\npcs</Filter>
    </ClInclude>
    <ClInclude Include="..\..\dlls\entities\npcs\CApacheHVR.h">
      <Filter>Header Files\dlls\entities\npcs</Filter>
    </ClInclude>
    <ClInclude Include="..\..\dlls\entities\npcs\CBabyCrab.h">
      <Filter>Header Files\dlls\entities\npcs</Filter>
    </ClInclude>
    <ClInclude Include="..\..\dlls\entities\npcs\CBarnacle.h">
      <Filter>Header Files\dlls\entities\npcs</Filter>
    </ClInclude>
    <ClInclude Include="..\..\dlls\entities\npcs\CBarney.h">
      <Filter>Header Files\dlls\entities\npcs</Filter>
    </ClInclude>
    <ClInclude Include="..\..\dlls\entities\npcs\CBaseTurret.h">
      <Filter>Header Files\dlls\entities\npcs</Filter>
    </ClInclude>
    <ClInclude Include="..\..\dlls\entities\npcs\CBigMomma.h">
      <Filter>Header Files\dlls\entities\npcs</Filter>
    </ClInclude>
    <ClInclude Include="..\..\dlls\entities\npcs\CBloater.h">
      <Filter>Header Files\dlls\entities\npcs</Filter>
    </ClInclude>
    <ClInclude Include="..\..\dlls\entities\npcs\CBMortar.h">
      <Filter>Header Files\dlls\entities\npcs</Filter>
    </ClInclude>
    <ClInclude Include="..\..\dlls\entities\npcs\CBullsquid.h">
      <Filter>Header Files\dlls\entities\npcs</Filter>
    </ClInclude>
    <ClInclude Include="..\..\dlls\entities\npcs\CController.h">
      <Filter>Header Files\dlls\entities\npcs</Filter>
    </ClInclude>
    <ClInclude Include="..\..\dlls\entities\npcs\CControllerHeadBall.h">
      <Filter>Header Files\dlls\entities\npcs</Filter>
    </ClInclude>
    <ClInclude Include="..\..\dlls\entities\npcs\CControllerZapBall.h">
      <Filter>Header Files\dlls\entities\npcs</Filter>
    </ClInclude>
    <ClInclude Include="..\..\dlls\entities\npcs\CDeadBarney.h">
      <Filter>Header Files\dlls\entities\npcs</Filter>
    </ClInclude>
    <ClInclude Include="..\..\dlls\entities\npcs\CDeadGenericMonster.h">
      <Filter>Header Files\dlls\entities\npcs</Filter>
    </ClInclude>
    <ClInclude Include="..\..\dlls\entities\npcs\CDeadHGrunt.h">
      <Filter>Header Files\dlls\entities\npcs</Filter>
    </ClInclude>
    <ClInclude Include="..\..\dlls\entities\npcs\CDeadScientist.h">
      <Filter>Header Files\dlls\entities\npcs</Filter>
    </ClInclude>
    <ClInclude Include="..\..\dlls\entities\npcs\CFlockingFlyer.h">
      <Filter>Header Files\dlls\entities\npcs</Filter>
    </ClInclude>
    <ClInclude Include="..\..\dlls\entities\npcs\CFlockingFlyerFlock.h">
      <Filter>Header Files\dlls\entities\npcs</Filter>
    </ClInclude>
    <ClInclude Include="..\..\dlls\entities\npcs\CGargantua.h">
      <Filter>Header Files\dlls\entities\npcs</Filter>
    </ClInclude>
    <ClInclude Include="..\..\dlls\entities\npcs\CGenericMonster.h">
      <Filter>Header Files\dlls\entities\npcs</Filter>
    </ClInclude>
    <ClInclude Include="..\..\dlls\entities\npcs\CGMan.h">
      <Filter>Header Files\dlls\entities\npcs</Filter>
    </ClInclude>
    <ClInclude Include="..\..\dlls\entities\npcs\CHAssassin.h">
      <Filter>Header Files\dlls\entities\npcs</Filter>
    </ClInclude>
    <ClInclude Include="..\..\dlls\entities\npcs\CHeadCrab.h">
      <Filter>Header Files\dlls\entities\npcs</Filter>
    </ClInclude>
    <ClInclude Include="..\..\dlls\entities\npcs\CHGrunt.h">
      <Filter>Header Files\dlls\entities\npcs</Filter>
    </ClInclude>
    <ClInclude Include="..\..\dlls\entities\npcs\CHGruntRepel.h">
      <Filter>Header Files\dlls\entities\npcs</Filter>
    </ClInclude>
    <ClInclude Include="..\..\dlls\entities\npcs\CHoundeye.h">
      <Filter>Header Files\dlls\entities\npcs</Filter>
    </ClInclude>
    <ClInclude Include="..\..\dlls\entities\npcs\CIchthyosaur.h">
      <Filter>Header Files\dlls\entities\npcs</Filter>
    </ClInclude>
    <ClInclude Include="..\..\dlls\entities\npcs\CInfoBM.h">
      <Filter>Header Files\dlls\entities\npcs</Filter>
    </ClInclude>
    <ClInclude Include="..\..\dlls\entities\npcs\CISlave.h">
      <Filter>Header Files\dlls\entities\npcs</Filter>
    </ClInclude>
    <ClInclude Include="..\..\dlls\entities\npcs\CLeech.h">
      <Filter>Header Files\dlls\entities\npcs</Filter>
    </ClInclude>
    <ClInclude Include="..\..\dlls\entities\npcs\CMiniTurret.h">
      <Filter>Header Files\dlls\entities\npcs</Filter>
    </ClInclude>
    <ClInclude Include="..\..\dlls\entities\npcs\CNihilanth.h">
      <Filter>Header Files\dlls\entities\npcs</Filter>
    </ClInclude>
    <ClInclude Include="..\..\dlls\entities\npcs\CNihilanthHVR.h">
      <Filter>Header Files\dlls\entities\npcs</Filter>
    </ClInclude>
    <ClInclude Include="..\..\dlls\entities\npcs\COsprey.h">
      <Filter>Header Files\dlls\entities\npcs</Filter>
    </ClInclude>
    <ClInclude Include="..\..\dlls\entities\npcs\CRat.h">
      <Filter>Header Files\dlls\entities\npcs</Filter>
    </ClInclude>
    <ClInclude Include="..\..\dlls\entities\npcs\CRoach.h">
      <Filter>Header Files\dlls\entities\npcs</Filter>
    </ClInclude>
    <ClInclude Include="..\..\dlls\entities\npcs\CScientist.h">
      <Filter>Header Files\dlls\entities\npcs</Filter>
    </ClInclude>
    <ClInclude Include="..\..\dlls\entities\npcs\CSentry.h">
      <Filter>Header Files\dlls\entities\npcs</Filter>
    </ClInclude>
    <ClInclude Include="..\..\dlls\entities\npcs\CSittingScientist.h">
      <Filter>Header Files\dlls\entities\npcs</Filter>
    </ClInclude>
    <ClInclude Include="..\..\dlls\entities\npcs\CSmoker.h">
      <Filter>Header Files\dlls\entities\npcs</Filter>
    </ClInclude>
    <ClInclude Include="..\..\dlls\entities\npcs\CSpiral.h">
      <Filter>Header Files\dlls\entities\npcs</Filter>
    </ClInclude>
    <ClInclude Include="..\..\dlls\entities\npcs\CSquidSpit.h">
      <Filter>Header Files\dlls\entities\npcs</Filter>
    </ClInclude>
    <ClInclude Include="..\..\dlls\entities\npcs\CStomp.h">
      <Filter>Header Files\dlls\entities\npcs</Filter>
    </ClInclude>
    <ClInclude Include="..\..\dlls\entities\npcs\CTentacle.h">
      <Filter>Header Files\dlls\entities\npcs</Filter>
    </ClInclude>
    <ClInclude Include="..\..\dlls\entities\npcs\CTentacleMaw.h">
      <Filter>Header Files\dlls\entities\npcs</Filter>
    </ClInclude>
    <ClInclude Include="..\..\dlls\entities\npcs\CTurret.h">
      <Filter>Header Files\dlls\entities\npcs</Filter>
    </ClInclude>
    <ClInclude Include="..\..\dlls\entities\npcs\CZombie.h">
      <Filter>Header Files\dlls\entities\npcs</Filter>
    </ClInclude>
    <ClInclude Include="..\..\dlls\entities\npcs\CHornet.h">
      <Filter>Header Files\dlls\entities\npcs</Filter>
    </ClInclude>
    <ClInclude Include="..\..\dlls\entities\base\CBaseDMStart.h">
      <Filter>Header Files\dlls\entities\base</Filter>
    </ClInclude>
    <ClInclude Include="..\..\dlls\entities\base\CFurniture.h">
      <Filter>Header Files\dlls\entities\base</Filter>
    </ClInclude>
    <ClInclude Include="..\..\dlls\entities\base\CInfoMoveWith.h">
      <Filter>Header Files\dlls\entities\base</Filter>
    </ClInclude>
    <ClInclude Include="..\..\dlls\entities\base\CScriptedSentence.h">
      <Filter>Header Files\dlls\entities\base</Filter>
    </ClInclude>
    <ClInclude Include="..\..\dlls\entities\base\CCineMonster.h">
      <Filter>Header Files\dlls\entities\base</Filter>
    </ClInclude>
    <ClInclude Include="..\..\dlls\entities\CBaseEntity.h">
      <Filter>Header Files\dlls\entities</Filter>
    </ClInclude>
    <ClInclude Include="..\..\dlls\entities\base\CSquadMonster.h">
      <Filter>Header Files\dlls\entities\base</Filter>
    </ClInclude>
    <ClInclude Include="..\..\dlls\entities\base\CTalkMonster.h">
      <Filter>Header Files\dlls\entities\base</Filter>
    </ClInclude>
    <ClInclude Include="..\..\dlls\entities\base\CPointEntity.h">
      <Filter>Header Files\dlls\entities\base</Filter>
    </ClInclude>
    <ClInclude Include="..\..\dlls\entities\base\CWorld.h">
      <Filter>Header Files\dlls\entities\base</Filter>
    </ClInclude>
    <ClInclude Include="..\..\dlls\entities\base\CMonsterTarget.h">
      <Filter>Header Files\dlls\entities\base</Filter>
    </ClInclude>
    <ClInclude Include="..\..\dlls\entities\base\CNullEntity.h">
      <Filter>Header Files\dlls\entities\base</Filter>
    </ClInclude>
    <ClInclude Include="..\..\dlls\entities\CBaseAnimating.h">
      <Filter>Header Files\dlls\entities</Filter>
    </ClInclude>
    <ClInclude Include="..\..\dlls\entities\CBaseDelay.h">
      <Filter>Header Files\dlls\entities</Filter>
    </ClInclude>
    <ClInclude Include="..\..\dlls\entities\CBaseMonster.h">
      <Filter>Header Files\dlls\entities</Filter>
    </ClInclude>
    <ClInclude Include="..\..\dlls\entities\CBaseToggle.h">
      <Filter>Header Files\dlls\entities</Filter>
    </ClInclude>
    <ClInclude Include="..\..\dlls\entities\base\CFlyingMonster.h">
      <Filter>Header Files\dlls\entities\base</Filter>
    </ClInclude>
    <ClInclude Include="..\..\dlls\entities\npcs\CGib.h">
      <Filter>Header Files\dlls\entities\npcs</Filter>
    </ClInclude>
  </ItemGroup>
</Project>